// !$*UTF8*$!
{
	archiveVersion = 1;
	classes = {
	};
	objectVersion = 54;
	objects = {

/* Begin PBXBuildFile section */
		00E356F31AD99517003FC87E /* payAiroTests.m in Sources */ = {isa = PBXBuildFile; fileRef = 00E356F21AD99517003FC87E /* payAiroTests.m */; };
		13B07FB91A68108700A75B9A /* FreshchatCustomTheme.plist in Resources */ = {isa = PBXBuildFile; fileRef = 13B07FB71A68108700A75B9A /* FreshchatCustomTheme.plist */; };
		13B07FBD1A68108700A75B9A /* AppDelegate.swift in Sources */ = {isa = PBXBuildFile; fileRef = 13B07FB21A68108700A75B9A /* AppDelegate.swift */; };
		13B07FBF1A68108700A75B9A /* Images.xcassets in Resources */ = {isa = PBXBuildFile; fileRef = 13B07FB51A68108700A75B9A /* Images.xcassets */; };
		16BBA24566EC48CD86D0B5FE /* Neue Plak ExtraBlack.ttf in Resources */ = {isa = PBXBuildFile; fileRef = 477ECD74842F405CB944DA73 /* Neue Plak ExtraBlack.ttf */; };
		1B92B61A7B7A4CE9B782C7B1 /* PayAiroQRScannerModule.swift in Sources */ = {isa = PBXBuildFile; fileRef = 1B92B6197B7A4CE9B782C7B1 /* PayAiroQRScannerModule.swift */; };
		1B92B61C7B7A4CE9B782C7B1 /* PayAiroQRScannerModule.m in Sources */ = {isa = PBXBuildFile; fileRef = 1B92B61B7B7A4CE9B782C7B1 /* PayAiroQRScannerModule.m */; };
		1F7C69D5F11B4F5F903BB0EC /* Montserrat-Bold.ttf in Resources */ = {isa = PBXBuildFile; fileRef = 004F13919E6F4918AB35AA97 /* Montserrat-Bold.ttf */; };
		212E88E3923248FBAF8182FC /* Neue Plak Black.ttf in Resources */ = {isa = PBXBuildFile; fileRef = B29ECCEDE7B5467DB87FE03B /* Neue Plak Black.ttf */; };
		37A453A7D6974979940E6E4D /* Neue Plak Extended ExtraBlack.ttf in Resources */ = {isa = PBXBuildFile; fileRef = DEAD105FBFED4CB58AC2EE10 /* Neue Plak Extended ExtraBlack.ttf */; };
		37F4CF5105B6F7B41FF6DA4B /* Pods_payAiro_payAiroTests.framework in Frameworks */ = {isa = PBXBuildFile; fileRef = A3C657EAD8F502C74BE24A83 /* Pods_payAiro_payAiroTests.framework */; };
		4C7DD3BCF2F748029D9667D2 /* Neue Plak Text Light.ttf in Resources */ = {isa = PBXBuildFile; fileRef = 46A99155E84844D1934674EE /* Neue Plak Text Light.ttf */; };
		523A4C7981344771B599CAF2 /* Neue Plak Text Black.ttf in Resources */ = {isa = PBXBuildFile; fileRef = B3B8F6375FBD42138AD7D2CD /* Neue Plak Text Black.ttf */; };
		5A42D812F9164A2EA161C5BD /* Neue Plak Regular.ttf in Resources */ = {isa = PBXBuildFile; fileRef = 92BF6552D4604451BB4FF678 /* Neue Plak Regular.ttf */; };
		5BA981A638F75E60FFFBF65A /* Pods_payAiro.framework in Frameworks */ = {isa = PBXBuildFile; fileRef = 283AAD985F52F66C16333657 /* Pods_payAiro.framework */; };
		6711D27DBED44B0386C3AD7B /* Neue Plak Condensed Thin.ttf in Resources */ = {isa = PBXBuildFile; fileRef = C9FFF32E50234E14A3E02299 /* Neue Plak Condensed Thin.ttf */; };
		6A9A4987BFA74434907D0716 /* Neue Plak Text Bold Italic.ttf in Resources */ = {isa = PBXBuildFile; fileRef = B78B550DA6E24291B200337B /* Neue Plak Text Bold Italic.ttf */; };
		6FABE76F59DC45419755FD82 /* Montserrat-SemiBold.ttf in Resources */ = {isa = PBXBuildFile; fileRef = A75EC8C0E9DA48FCB9A2D29F /* Montserrat-SemiBold.ttf */; };
		742EE2B2B54742ACAF2C9BD5 /* Neue Plak Text Italic.ttf in Resources */ = {isa = PBXBuildFile; fileRef = F28A8566198646C7843F0EED /* Neue Plak Text Italic.ttf */; };
		7593A7FD4B5544D2B7704888 /* Neue Plak Text Bold.ttf in Resources */ = {isa = PBXBuildFile; fileRef = 7D05A5B824EA45D8A46676C5 /* Neue Plak Text Bold.ttf */; };
		7718BAA7F1AC4560BF164274 /* Neue Plak Extended Regular.ttf in Resources */ = {isa = PBXBuildFile; fileRef = 1AC1AD42F9AA4F60A76769C4 /* Neue Plak Extended Regular.ttf */; };
		7BE6D847D2254811B99ECA9D /* Montserrat-Regular.ttf in Resources */ = {isa = PBXBuildFile; fileRef = 11363C8507B143B693B751C0 /* Montserrat-Regular.ttf */; };
		7C90F5CF2F3226F300BBD2AA /* GoogleService-Info.plist in Resources */ = {isa = PBXBuildFile; fileRef = 7C90F5CE2F3226F300BBD2AA /* GoogleService-Info.plist */; };
		7F59CA2815B44926A9A3D113 /* Nexa-Heavy.ttf in Resources */ = {isa = PBXBuildFile; fileRef = 4FB66535EEB44F41BC97C3C3 /* Nexa-Heavy.ttf */; };
		80F809D5271922DBD435053C /* PrivacyInfo.xcprivacy in Resources */ = {isa = PBXBuildFile; fileRef = 13B07FB81A68108700A75B9A /* PrivacyInfo.xcprivacy */; };
		81AB9BB82411601600AC10FF /* LaunchScreen.storyboard in Resources */ = {isa = PBXBuildFile; fileRef = 81AB9BB72411601600AC10FF /* LaunchScreen.storyboard */; };
		852126ED5F5D494C813247F6 /* Neue Plak Condensed Regular.ttf in Resources */ = {isa = PBXBuildFile; fileRef = 2C1532709D8B44CC801A87A7 /* Neue Plak Condensed Regular.ttf */; };
		875AAE57ABA64B7BB4EC703D /* Neue Plak SemiBold.ttf in Resources */ = {isa = PBXBuildFile; fileRef = B6E59B51755147B090BB0653 /* Neue Plak SemiBold.ttf */; };
		8C1B96859D1C42F2A280566B /* Montserrat-Medium.ttf in Resources */ = {isa = PBXBuildFile; fileRef = 262CDA1D04894CF2B1E10C15 /* Montserrat-Medium.ttf */; };
		8E02F2F52745487AAC437182 /* Neue Plak Bold.ttf in Resources */ = {isa = PBXBuildFile; fileRef = 4AB98041ACD04E4BA06B086F /* Neue Plak Bold.ttf */; };
		9619574D6E6E481F80654018 /* Neue Plak Text SemiBold Italic.ttf in Resources */ = {isa = PBXBuildFile; fileRef = 5BEDF7D18E5F41BABCDBC61C /* Neue Plak Text SemiBold Italic.ttf */; };
		99FA4AFC25114E6588CE4303 /* Neue Plak Condensed Black.ttf in Resources */ = {isa = PBXBuildFile; fileRef = F03B76B657BC4D2BA7D201F4 /* Neue Plak Condensed Black.ttf */; };
		9EA2FD61DC8C479EAB1F43FA /* Neue Plak Text Thin Italic.ttf in Resources */ = {isa = PBXBuildFile; fileRef = 2A5A19548ACC40A7BCE79623 /* Neue Plak Text Thin Italic.ttf */; };
		A1098CD5E93E41DC9471BA34 /* Neue Plak Extended Black.ttf in Resources */ = {isa = PBXBuildFile; fileRef = 15B3B53C91C74D61BB254973 /* Neue Plak Extended Black.ttf */; };
		AC4A211C755A4FE0A62FD297 /* Neue Plak Condensed Bold.ttf in Resources */ = {isa = PBXBuildFile; fileRef = 64665055D5D84204973B52DD /* Neue Plak Condensed Bold.ttf */; };
		AD296A06B2094600A70189A3 /* Neue Plak Extended UltraLight.ttf in Resources */ = {isa = PBXBuildFile; fileRef = D7BC9EED82BC4408BEF484AF /* Neue Plak Extended UltraLight.ttf */; };
		AF98CF25505D4F7C9C3FBB47 /* Neue Plak Extended Thin.ttf in Resources */ = {isa = PBXBuildFile; fileRef = 50C1260983BF4C2D897EB7F3 /* Neue Plak Extended Thin.ttf */; };
		B610A6D054C2464CB62A0025 /* Neue Plak Extended SemiBold.ttf in Resources */ = {isa = PBXBuildFile; fileRef = 64471FE47DF94E23B2D0EF81 /* Neue Plak Extended SemiBold.ttf */; };
		B6A01EB56F554EF095A75106 /* Neue Plak UltraLight.ttf in Resources */ = {isa = PBXBuildFile; fileRef = BFD78522002B4BDAA53AD3E9 /* Neue Plak UltraLight.ttf */; };
		BEFDD9BBF8EF46DB9874ED62 /* Neue Plak Text Thin.ttf in Resources */ = {isa = PBXBuildFile; fileRef = 473008983E4D4328998080B4 /* Neue Plak Text Thin.ttf */; };
		C60B5E2BF2E942F29CDE6BB9 /* Neue Plak Thin.ttf in Resources */ = {isa = PBXBuildFile; fileRef = F004C8E5AA2D4C048686AEB7 /* Neue Plak Thin.ttf */; };
		C6199536F63A414292ABDC74 /* Neue Plak Condensed UltraLight.ttf in Resources */ = {isa = PBXBuildFile; fileRef = 2EC770F56EC54EF9A25D4276 /* Neue Plak Condensed UltraLight.ttf */; };
		D841793F8B794AA1BF982946 /* Neue Plak Condensed SemiBold.ttf in Resources */ = {isa = PBXBuildFile; fileRef = A0792AED21AC44CDA2DA3E25 /* Neue Plak Condensed SemiBold.ttf */; };
		E4810FFCB8FC4B62A77FBEA2 /* Neue Plak Condensed Light.ttf in Resources */ = {isa = PBXBuildFile; fileRef = 5FEA830A39CD469BAED2AD76 /* Neue Plak Condensed Light.ttf */; };
		E9F687D508EA49B0B90377CA /* Neue Plak Extended Bold.ttf in Resources */ = {isa = PBXBuildFile; fileRef = 184B0A336A424FEEB85B33C4 /* Neue Plak Extended Bold.ttf */; };
		ECF98647F15940358ACB52AA /* Neue Plak Extended Light.ttf in Resources */ = {isa = PBXBuildFile; fileRef = 428F6832D1BB4A069133EBA1 /* Neue Plak Extended Light.ttf */; };
		F1FFBCF5FE7441639DC87E1C /* Neue Plak Text SemiBold.ttf in Resources */ = {isa = PBXBuildFile; fileRef = 6C3CAD2788104B168C1A87F4 /* Neue Plak Text SemiBold.ttf */; };
		F6D3549632C5406C9AFC729E /* Neue Plak Text Black Italic.ttf in Resources */ = {isa = PBXBuildFile; fileRef = A6FC6AF6CD234ADDBD6E1811 /* Neue Plak Text Black Italic.ttf */; };
		FC0825FF0DA64D889BA0D54A /* Neue Plak Light.ttf in Resources */ = {isa = PBXBuildFile; fileRef = EA49A3132CE640438544E782 /* Neue Plak Light.ttf */; };
		FDD1596A04954B10AAC06AA0 /* Neue Plak Text Light Italic.ttf in Resources */ = {isa = PBXBuildFile; fileRef = 294780BFDBCE487B9E8B014A /* Neue Plak Text Light Italic.ttf */; };
		FE814486AA7B482D98812770 /* Neue Plak Condensed ExtraBlack.ttf in Resources */ = {isa = PBXBuildFile; fileRef = E03087DF93A04A8CBA7C77C4 /* Neue Plak Condensed ExtraBlack.ttf */; };
/* End PBXBuildFile section */

/* Begin PBXContainerItemProxy section */
		00E356F41AD99517003FC87E /* PBXContainerItemProxy */ = {
			isa = PBXContainerItemProxy;
			containerPortal = 83CBB9F71A601CBA00E9B192 /* Project object */;
			proxyType = 1;
			remoteGlobalIDString = 13B07F861A680F5B00A75B9A;
			remoteInfo = payAiro;
		};
/* End PBXContainerItemProxy section */

/* Begin PBXFileReference section */
		004F13919E6F4918AB35AA97 /* Montserrat-Bold.ttf */ = {isa = PBXFileReference; explicitFileType = undefined; fileEncoding = 9; includeInIndex = 0; lastKnownFileType = unknown; name = "Montserrat-Bold.ttf"; path = "../assets/fonts/Montserrat-Bold.ttf"; sourceTree = "<group>"; };
		00E356EE1AD99517003FC87E /* payAiroTests.xctest */ = {isa = PBXFileReference; explicitFileType = wrapper.cfbundle; includeInIndex = 0; path = payAiroTests.xctest; sourceTree = BUILT_PRODUCTS_DIR; };
		00E356F11AD99517003FC87E /* Info.plist */ = {isa = PBXFileReference; lastKnownFileType = text.plist.xml; path = Info.plist; sourceTree = "<group>"; };
		00E356F21AD99517003FC87E /* payAiroTests.m */ = {isa = PBXFileReference; lastKnownFileType = sourcecode.c.objc; path = payAiroTests.m; sourceTree = "<group>"; };
		11363C8507B143B693B751C0 /* Montserrat-Regular.ttf */ = {isa = PBXFileReference; explicitFileType = undefined; fileEncoding = 9; includeInIndex = 0; lastKnownFileType = unknown; name = "Montserrat-Regular.ttf"; path = "../assets/fonts/Montserrat-Regular.ttf"; sourceTree = "<group>"; };
		13B07F961A680F5B00A75B9A /* payAiro.app */ = {isa = PBXFileReference; explicitFileType = wrapper.application; includeInIndex = 0; path = payAiro.app; sourceTree = BUILT_PRODUCTS_DIR; };
		13B07FB21A68108700A75B9A /* AppDelegate.swift */ = {isa = PBXFileReference; fileEncoding = 4; lastKnownFileType = sourcecode.swift; name = AppDelegate.swift; path = payAiro/AppDelegate.swift; sourceTree = "<group>"; };
		13B07FB51A68108700A75B9A /* Images.xcassets */ = {isa = PBXFileReference; lastKnownFileType = folder.assetcatalog; name = Images.xcassets; path = payAiro/Images.xcassets; sourceTree = "<group>"; };
		13B07FB61A68108700A75B9A /* Info.plist */ = {isa = PBXFileReference; fileEncoding = 4; lastKnownFileType = text.plist.xml; name = Info.plist; path = payAiro/Info.plist; sourceTree = "<group>"; };
		13B07FB71A68108700A75B9A /* FreshchatCustomTheme.plist */ = {isa = PBXFileReference; fileEncoding = 4; lastKnownFileType = text.plist.xml; name = FreshchatCustomTheme.plist; path = payAiro/FreshchatCustomTheme.plist; sourceTree = "<group>"; };
		13B07FB81A68108700A75B9A /* PrivacyInfo.xcprivacy */ = {isa = PBXFileReference; fileEncoding = 4; lastKnownFileType = text.plist.xml; name = PrivacyInfo.xcprivacy; path = payAiro/PrivacyInfo.xcprivacy; sourceTree = "<group>"; };
		15B3B53C91C74D61BB254973 /* Neue Plak Extended Black.ttf */ = {isa = PBXFileReference; explicitFileType = undefined; fileEncoding = 9; includeInIndex = 0; lastKnownFileType = unknown; name = "Neue Plak Extended Black.ttf"; path = "../assets/fonts/Neue Plak Extended Black.ttf"; sourceTree = "<group>"; };
		184B0A336A424FEEB85B33C4 /* Neue Plak Extended Bold.ttf */ = {isa = PBXFileReference; explicitFileType = undefined; fileEncoding = 9; includeInIndex = 0; lastKnownFileType = unknown; name = "Neue Plak Extended Bold.ttf"; path = "../assets/fonts/Neue Plak Extended Bold.ttf"; sourceTree = "<group>"; };
		1AC1AD42F9AA4F60A76769C4 /* Neue Plak Extended Regular.ttf */ = {isa = PBXFileReference; explicitFileType = undefined; fileEncoding = 9; includeInIndex = 0; lastKnownFileType = unknown; name = "Neue Plak Extended Regular.ttf"; path = "../assets/fonts/Neue Plak Extended Regular.ttf"; sourceTree = "<group>"; };
		1B92B6197B7A4CE9B782C7B1 /* PayAiroQRScannerModule.swift */ = {isa = PBXFileReference; lastKnownFileType = sourcecode.swift; name = PayAiroQRScannerModule.swift; path = payAiro/PayAiroQRScannerModule.swift; sourceTree = "<group>"; };
		1B92B61B7B7A4CE9B782C7B1 /* PayAiroQRScannerModule.m */ = {isa = PBXFileReference; lastKnownFileType = sourcecode.c.objc; name = PayAiroQRScannerModule.m; path = payAiro/PayAiroQRScannerModule.m; sourceTree = "<group>"; };
		262CDA1D04894CF2B1E10C15 /* Montserrat-Medium.ttf */ = {isa = PBXFileReference; explicitFileType = undefined; fileEncoding = 9; includeInIndex = 0; lastKnownFileType = unknown; name = "Montserrat-Medium.ttf"; path = "../assets/fonts/Montserrat-Medium.ttf"; sourceTree = "<group>"; };
		283AAD985F52F66C16333657 /* Pods_payAiro.framework */ = {isa = PBXFileReference; explicitFileType = wrapper.framework; includeInIndex = 0; path = Pods_payAiro.framework; sourceTree = BUILT_PRODUCTS_DIR; };
		294780BFDBCE487B9E8B014A /* Neue Plak Text Light Italic.ttf */ = {isa = PBXFileReference; explicitFileType = undefined; fileEncoding = 9; includeInIndex = 0; lastKnownFileType = unknown; name = "Neue Plak Text Light Italic.ttf"; path = "../assets/fonts/Neue Plak Text Light Italic.ttf"; sourceTree = "<group>"; };
		2A5A19548ACC40A7BCE79623 /* Neue Plak Text Thin Italic.ttf */ = {isa = PBXFileReference; explicitFileType = undefined; fileEncoding = 9; includeInIndex = 0; lastKnownFileType = unknown; name = "Neue Plak Text Thin Italic.ttf"; path = "../assets/fonts/Neue Plak Text Thin Italic.ttf"; sourceTree = "<group>"; };
		2C1532709D8B44CC801A87A7 /* Neue Plak Condensed Regular.ttf */ = {isa = PBXFileReference; explicitFileType = undefined; fileEncoding = 9; includeInIndex = 0; lastKnownFileType = unknown; name = "Neue Plak Condensed Regular.ttf"; path = "../assets/fonts/Neue Plak Condensed Regular.ttf"; sourceTree = "<group>"; };
		2EC770F56EC54EF9A25D4276 /* Neue Plak Condensed UltraLight.ttf */ = {isa = PBXFileReference; explicitFileType = undefined; fileEncoding = 9; includeInIndex = 0; lastKnownFileType = unknown; name = "Neue Plak Condensed UltraLight.ttf"; path = "../assets/fonts/Neue Plak Condensed UltraLight.ttf"; sourceTree = "<group>"; };
		3C312ED049A13DF1574BB433 /* Pods-payAiro.debug.xcconfig */ = {isa = PBXFileReference; includeInIndex = 1; lastKnownFileType = text.xcconfig; name = "Pods-payAiro.debug.xcconfig"; path = "Target Support Files/Pods-payAiro/Pods-payAiro.debug.xcconfig"; sourceTree = "<group>"; };
		428F6832D1BB4A069133EBA1 /* Neue Plak Extended Light.ttf */ = {isa = PBXFileReference; explicitFileType = undefined; fileEncoding = 9; includeInIndex = 0; lastKnownFileType = unknown; name = "Neue Plak Extended Light.ttf"; path = "../assets/fonts/Neue Plak Extended Light.ttf"; sourceTree = "<group>"; };
		46A99155E84844D1934674EE /* Neue Plak Text Light.ttf */ = {isa = PBXFileReference; explicitFileType = undefined; fileEncoding = 9; includeInIndex = 0; lastKnownFileType = unknown; name = "Neue Plak Text Light.ttf"; path = "../assets/fonts/Neue Plak Text Light.ttf"; sourceTree = "<group>"; };
		473008983E4D4328998080B4 /* Neue Plak Text Thin.ttf */ = {isa = PBXFileReference; explicitFileType = undefined; fileEncoding = 9; includeInIndex = 0; lastKnownFileType = unknown; name = "Neue Plak Text Thin.ttf"; path = "../assets/fonts/Neue Plak Text Thin.ttf"; sourceTree = "<group>"; };
		477ECD74842F405CB944DA73 /* Neue Plak ExtraBlack.ttf */ = {isa = PBXFileReference; explicitFileType = undefined; fileEncoding = 9; includeInIndex = 0; lastKnownFileType = unknown; name = "Neue Plak ExtraBlack.ttf"; path = "../assets/fonts/Neue Plak ExtraBlack.ttf"; sourceTree = "<group>"; };
		4AB98041ACD04E4BA06B086F /* Neue Plak Bold.ttf */ = {isa = PBXFileReference; explicitFileType = undefined; fileEncoding = 9; includeInIndex = 0; lastKnownFileType = unknown; name = "Neue Plak Bold.ttf"; path = "../assets/fonts/Neue Plak Bold.ttf"; sourceTree = "<group>"; };
		4FB66535EEB44F41BC97C3C3 /* Nexa-Heavy.ttf */ = {isa = PBXFileReference; explicitFileType = undefined; fileEncoding = 9; includeInIndex = 0; lastKnownFileType = unknown; name = "Nexa-Heavy.ttf"; path = "../assets/fonts/Nexa-Heavy.ttf"; sourceTree = "<group>"; };
		50C1260983BF4C2D897EB7F3 /* Neue Plak Extended Thin.ttf */ = {isa = PBXFileReference; explicitFileType = undefined; fileEncoding = 9; includeInIndex = 0; lastKnownFileType = unknown; name = "Neue Plak Extended Thin.ttf"; path = "../assets/fonts/Neue Plak Extended Thin.ttf"; sourceTree = "<group>"; };
		5BEDF7D18E5F41BABCDBC61C /* Neue Plak Text SemiBold Italic.ttf */ = {isa = PBXFileReference; explicitFileType = undefined; fileEncoding = 9; includeInIndex = 0; lastKnownFileType = unknown; name = "Neue Plak Text SemiBold Italic.ttf"; path = "../assets/fonts/Neue Plak Text SemiBold Italic.ttf"; sourceTree = "<group>"; };
		5FEA830A39CD469BAED2AD76 /* Neue Plak Condensed Light.ttf */ = {isa = PBXFileReference; explicitFileType = undefined; fileEncoding = 9; includeInIndex = 0; lastKnownFileType = unknown; name = "Neue Plak Condensed Light.ttf"; path = "../assets/fonts/Neue Plak Condensed Light.ttf"; sourceTree = "<group>"; };
		64471FE47DF94E23B2D0EF81 /* Neue Plak Extended SemiBold.ttf */ = {isa = PBXFileReference; explicitFileType = undefined; fileEncoding = 9; includeInIndex = 0; lastKnownFileType = unknown; name = "Neue Plak Extended SemiBold.ttf"; path = "../assets/fonts/Neue Plak Extended SemiBold.ttf"; sourceTree = "<group>"; };
		64665055D5D84204973B52DD /* Neue Plak Condensed Bold.ttf */ = {isa = PBXFileReference; explicitFileType = undefined; fileEncoding = 9; includeInIndex = 0; lastKnownFileType = unknown; name = "Neue Plak Condensed Bold.ttf"; path = "../assets/fonts/Neue Plak Condensed Bold.ttf"; sourceTree = "<group>"; };
		6C3CAD2788104B168C1A87F4 /* Neue Plak Text SemiBold.ttf */ = {isa = PBXFileReference; explicitFileType = undefined; fileEncoding = 9; includeInIndex = 0; lastKnownFileType = unknown; name = "Neue Plak Text SemiBold.ttf"; path = "../assets/fonts/Neue Plak Text SemiBold.ttf"; sourceTree = "<group>"; };
		703D6C452E5D63A6F26B03F8 /* Pods-payAiro-payAiroTests.debug.xcconfig */ = {isa = PBXFileReference; includeInIndex = 1; lastKnownFileType = text.xcconfig; name = "Pods-payAiro-payAiroTests.debug.xcconfig"; path = "Target Support Files/Pods-payAiro-payAiroTests/Pods-payAiro-payAiroTests.debug.xcconfig"; sourceTree = "<group>"; };
		77AE74387971C3FE8A240727 /* Pods-payAiro-payAiroTests.release.xcconfig */ = {isa = PBXFileReference; includeInIndex = 1; lastKnownFileType = text.xcconfig; name = "Pods-payAiro-payAiroTests.release.xcconfig"; path = "Target Support Files/Pods-payAiro-payAiroTests/Pods-payAiro-payAiroTests.release.xcconfig"; sourceTree = "<group>"; };
		7C592A242F1A34380054AFC5 /* payAiro.entitlements */ = {isa = PBXFileReference; lastKnownFileType = text.plist.entitlements; name = payAiro.entitlements; path = payAiro/payAiro.entitlements; sourceTree = "<group>"; };
		7C90F5CE2F3226F300BBD2AA /* GoogleService-Info.plist */ = {isa = PBXFileReference; lastKnownFileType = text.plist.xml; path = "GoogleService-Info.plist"; sourceTree = "<group>"; };
		7D05A5B824EA45D8A46676C5 /* Neue Plak Text Bold.ttf */ = {isa = PBXFileReference; explicitFileType = undefined; fileEncoding = 9; includeInIndex = 0; lastKnownFileType = unknown; name = "Neue Plak Text Bold.ttf"; path = "../assets/fonts/Neue Plak Text Bold.ttf"; sourceTree = "<group>"; };
		81AB9BB72411601600AC10FF /* LaunchScreen.storyboard */ = {isa = PBXFileReference; fileEncoding = 4; lastKnownFileType = file.storyboard; name = LaunchScreen.storyboard; path = payAiro/LaunchScreen.storyboard; sourceTree = "<group>"; };
		92BF6552D4604451BB4FF678 /* Neue Plak Regular.ttf */ = {isa = PBXFileReference; explicitFileType = undefined; fileEncoding = 9; includeInIndex = 0; lastKnownFileType = unknown; name = "Neue Plak Regular.ttf"; path = "../assets/fonts/Neue Plak Regular.ttf"; sourceTree = "<group>"; };
		A0792AED21AC44CDA2DA3E25 /* Neue Plak Condensed SemiBold.ttf */ = {isa = PBXFileReference; explicitFileType = undefined; fileEncoding = 9; includeInIndex = 0; lastKnownFileType = unknown; name = "Neue Plak Condensed SemiBold.ttf"; path = "../assets/fonts/Neue Plak Condensed SemiBold.ttf"; sourceTree = "<group>"; };
		A3C657EAD8F502C74BE24A83 /* Pods_payAiro_payAiroTests.framework */ = {isa = PBXFileReference; explicitFileType = wrapper.framework; includeInIndex = 0; path = Pods_payAiro_payAiroTests.framework; sourceTree = BUILT_PRODUCTS_DIR; };
		A6FC6AF6CD234ADDBD6E1811 /* Neue Plak Text Black Italic.ttf */ = {isa = PBXFileReference; explicitFileType = undefined; fileEncoding = 9; includeInIndex = 0; lastKnownFileType = unknown; name = "Neue Plak Text Black Italic.ttf"; path = "../assets/fonts/Neue Plak Text Black Italic.ttf"; sourceTree = "<group>"; };
		A75EC8C0E9DA48FCB9A2D29F /* Montserrat-SemiBold.ttf */ = {isa = PBXFileReference; explicitFileType = undefined; fileEncoding = 9; includeInIndex = 0; lastKnownFileType = unknown; name = "Montserrat-SemiBold.ttf"; path = "../assets/fonts/Montserrat-SemiBold.ttf"; sourceTree = "<group>"; };
		B29ECCEDE7B5467DB87FE03B /* Neue Plak Black.ttf */ = {isa = PBXFileReference; explicitFileType = undefined; fileEncoding = 9; includeInIndex = 0; lastKnownFileType = unknown; name = "Neue Plak Black.ttf"; path = "../assets/fonts/Neue Plak Black.ttf"; sourceTree = "<group>"; };
		B3B8F6375FBD42138AD7D2CD /* Neue Plak Text Black.ttf */ = {isa = PBXFileReference; explicitFileType = undefined; fileEncoding = 9; includeInIndex = 0; lastKnownFileType = unknown; name = "Neue Plak Text Black.ttf"; path = "../assets/fonts/Neue Plak Text Black.ttf"; sourceTree = "<group>"; };
		B6E59B51755147B090BB0653 /* Neue Plak SemiBold.ttf */ = {isa = PBXFileReference; explicitFileType = undefined; fileEncoding = 9; includeInIndex = 0; lastKnownFileType = unknown; name = "Neue Plak SemiBold.ttf"; path = "../assets/fonts/Neue Plak SemiBold.ttf"; sourceTree = "<group>"; };
		B78B550DA6E24291B200337B /* Neue Plak Text Bold Italic.ttf */ = {isa = PBXFileReference; explicitFileType = undefined; fileEncoding = 9; includeInIndex = 0; lastKnownFileType = unknown; name = "Neue Plak Text Bold Italic.ttf"; path = "../assets/fonts/Neue Plak Text Bold Italic.ttf"; sourceTree = "<group>"; };
		BFD78522002B4BDAA53AD3E9 /* Neue Plak UltraLight.ttf */ = {isa = PBXFileReference; explicitFileType = undefined; fileEncoding = 9; includeInIndex = 0; lastKnownFileType = unknown; name = "Neue Plak UltraLight.ttf"; path = "../assets/fonts/Neue Plak UltraLight.ttf"; sourceTree = "<group>"; };
		C9FFF32E50234E14A3E02299 /* Neue Plak Condensed Thin.ttf */ = {isa = PBXFileReference; explicitFileType = undefined; fileEncoding = 9; includeInIndex = 0; lastKnownFileType = unknown; name = "Neue Plak Condensed Thin.ttf"; path = "../assets/fonts/Neue Plak Condensed Thin.ttf"; sourceTree = "<group>"; };
		CA37AA5B114EC9533EEB723F /* Pods-payAiro.release.xcconfig */ = {isa = PBXFileReference; includeInIndex = 1; lastKnownFileType = text.xcconfig; name = "Pods-payAiro.release.xcconfig"; path = "Target Support Files/Pods-payAiro/Pods-payAiro.release.xcconfig"; sourceTree = "<group>"; };
		D7BC9EED82BC4408BEF484AF /* Neue Plak Extended UltraLight.ttf */ = {isa = PBXFileReference; explicitFileType = undefined; fileEncoding = 9; includeInIndex = 0; lastKnownFileType = unknown; name = "Neue Plak Extended UltraLight.ttf"; path = "../assets/fonts/Neue Plak Extended UltraLight.ttf"; sourceTree = "<group>"; };
		DEAD105FBFED4CB58AC2EE10 /* Neue Plak Extended ExtraBlack.ttf */ = {isa = PBXFileReference; explicitFileType = undefined; fileEncoding = 9; includeInIndex = 0; lastKnownFileType = unknown; name = "Neue Plak Extended ExtraBlack.ttf"; path = "../assets/fonts/Neue Plak Extended ExtraBlack.ttf"; sourceTree = "<group>"; };
		E03087DF93A04A8CBA7C77C4 /* Neue Plak Condensed ExtraBlack.ttf */ = {isa = PBXFileReference; explicitFileType = undefined; fileEncoding = 9; includeInIndex = 0; lastKnownFileType = unknown; name = "Neue Plak Condensed ExtraBlack.ttf"; path = "../assets/fonts/Neue Plak Condensed ExtraBlack.ttf"; sourceTree = "<group>"; };
		EA49A3132CE640438544E782 /* Neue Plak Light.ttf */ = {isa = PBXFileReference; explicitFileType = undefined; fileEncoding = 9; includeInIndex = 0; lastKnownFileType = unknown; name = "Neue Plak Light.ttf"; path = "../assets/fonts/Neue Plak Light.ttf"; sourceTree = "<group>"; };
		ED297162215061F000B7C4FE /* JavaScriptCore.framework */ = {isa = PBXFileReference; lastKnownFileType = wrapper.framework; name = JavaScriptCore.framework; path = System/Library/Frameworks/JavaScriptCore.framework; sourceTree = SDKROOT; };
		F004C8E5AA2D4C048686AEB7 /* Neue Plak Thin.ttf */ = {isa = PBXFileReference; explicitFileType = undefined; fileEncoding = 9; includeInIndex = 0; lastKnownFileType = unknown; name = "Neue Plak Thin.ttf"; path = "../assets/fonts/Neue Plak Thin.ttf"; sourceTree = "<group>"; };
		F03B76B657BC4D2BA7D201F4 /* Neue Plak Condensed Black.ttf */ = {isa = PBXFileReference; explicitFileType = undefined; fileEncoding = 9; includeInIndex = 0; lastKnownFileType = unknown; name = "Neue Plak Condensed Black.ttf"; path = "../assets/fonts/Neue Plak Condensed Black.ttf"; sourceTree = "<group>"; };
		F1DFBF62BD76881D04F69102 /* Pods-payAiro-payAiroTests.stagingrelease.xcconfig */ = {isa = PBXFileReference; includeInIndex = 1; lastKnownFileType = text.xcconfig; name = "Pods-payAiro-payAiroTests.stagingrelease.xcconfig"; path = "Target Support Files/Pods-payAiro-payAiroTests/Pods-payAiro-payAiroTests.stagingrelease.xcconfig"; sourceTree = "<group>"; };
		F28A8566198646C7843F0EED /* Neue Plak Text Italic.ttf */ = {isa = PBXFileReference; explicitFileType = undefined; fileEncoding = 9; includeInIndex = 0; lastKnownFileType = unknown; name = "Neue Plak Text Italic.ttf"; path = "../assets/fonts/Neue Plak Text Italic.ttf"; sourceTree = "<group>"; };
		F375A509A438F7B932C78785 /* Pods-payAiro.stagingrelease.xcconfig */ = {isa = PBXFileReference; includeInIndex = 1; lastKnownFileType = text.xcconfig; name = "Pods-payAiro.stagingrelease.xcconfig"; path = "Target Support Files/Pods-payAiro/Pods-payAiro.stagingrelease.xcconfig"; sourceTree = "<group>"; };
/* End PBXFileReference section */

/* Begin PBXFrameworksBuildPhase section */
		00E356EB1AD99517003FC87E /* Frameworks */ = {
			isa = PBXFrameworksBuildPhase;
			buildActionMask = 2147483647;
			files = (
				37F4CF5105B6F7B41FF6DA4B /* Pods_payAiro_payAiroTests.framework in Frameworks */,
			);
			runOnlyForDeploymentPostprocessing = 0;
		};
		13B07F8C1A680F5B00A75B9A /* Frameworks */ = {
			isa = PBXFrameworksBuildPhase;
			buildActionMask = 2147483647;
			files = (
				5BA981A638F75E60FFFBF65A /* Pods_payAiro.framework in Frameworks */,
			);
			runOnlyForDeploymentPostprocessing = 0;
		};
/* End PBXFrameworksBuildPhase section */

/* Begin PBXGroup section */
		00E356EF1AD99517003FC87E /* payAiroTests */ = {
			isa = PBXGroup;
			children = (
				00E356F21AD99517003FC87E /* payAiroTests.m */,
				00E356F01AD99517003FC87E /* Supporting Files */,
			);
			path = payAiroTests;
			sourceTree = "<group>";
		};
		00E356F01AD99517003FC87E /* Supporting Files */ = {
			isa = PBXGroup;
			children = (
				00E356F11AD99517003FC87E /* Info.plist */,
			);
			name = "Supporting Files";
			sourceTree = "<group>";
		};
		13B07FAE1A68108700A75B9A /* payAiro */ = {
			isa = PBXGroup;
			children = (
				7C592A242F1A34380054AFC5 /* payAiro.entitlements */,
				13B07FB21A68108700A75B9A /* AppDelegate.swift */,
				1B92B6197B7A4CE9B782C7B1 /* PayAiroQRScannerModule.swift */,
				1B92B61B7B7A4CE9B782C7B1 /* PayAiroQRScannerModule.m */,
				13B07FB51A68108700A75B9A /* Images.xcassets */,
				13B07FB61A68108700A75B9A /* Info.plist */,
				81AB9BB72411601600AC10FF /* LaunchScreen.storyboard */,
				13B07FB81A68108700A75B9A /* PrivacyInfo.xcprivacy */,
				13B07FB71A68108700A75B9A /* FreshchatCustomTheme.plist */,
			);
			name = payAiro;
			sourceTree = "<group>";
		};
		2D16E6871FA4F8E400B85C8A /* Frameworks */ = {
			isa = PBXGroup;
			children = (
				ED297162215061F000B7C4FE /* JavaScriptCore.framework */,
				283AAD985F52F66C16333657 /* Pods_payAiro.framework */,
				A3C657EAD8F502C74BE24A83 /* Pods_payAiro_payAiroTests.framework */,
			);
			name = Frameworks;
			sourceTree = "<group>";
		};
		832341AE1AAA6A7D00B99B32 /* Libraries */ = {
			isa = PBXGroup;
			children = (
			);
			name = Libraries;
			sourceTree = "<group>";
		};
		83CBB9F61A601CBA00E9B192 = {
			isa = PBXGroup;
			children = (
				7C90F5CE2F3226F300BBD2AA /* GoogleService-Info.plist */,
				83CBBA001A601CBA00E9B192 /* Products */,
				13B07FAE1A68108700A75B9A /* payAiro */,
				832341AE1AAA6A7D00B99B32 /* Libraries */,
				00E356EF1AD99517003FC87E /* payAiroTests */,
				2D16E6871FA4F8E400B85C8A /* Frameworks */,
				BBD78D7AC51CEA395F1C20DB /* Pods */,
				F80FC6382DFD492BAB87451A /* Resources */,
			);
			indentWidth = 2;
			sourceTree = "<group>";
			tabWidth = 2;
			usesTabs = 0;
		};
		83CBBA001A601CBA00E9B192 /* Products */ = {
			isa = PBXGroup;
			children = (
				13B07F961A680F5B00A75B9A /* payAiro.app */,
				00E356EE1AD99517003FC87E /* payAiroTests.xctest */,
			);
			name = Products;
			sourceTree = "<group>";
		};
		BBD78D7AC51CEA395F1C20DB /* Pods */ = {
			isa = PBXGroup;
			children = (
				3C312ED049A13DF1574BB433 /* Pods-payAiro.debug.xcconfig */,
				CA37AA5B114EC9533EEB723F /* Pods-payAiro.release.xcconfig */,
				F375A509A438F7B932C78785 /* Pods-payAiro.stagingrelease.xcconfig */,
				703D6C452E5D63A6F26B03F8 /* Pods-payAiro-payAiroTests.debug.xcconfig */,
				77AE74387971C3FE8A240727 /* Pods-payAiro-payAiroTests.release.xcconfig */,
				F1DFBF62BD76881D04F69102 /* Pods-payAiro-payAiroTests.stagingrelease.xcconfig */,
			);
			path = Pods;
			sourceTree = "<group>";
		};
		F80FC6382DFD492BAB87451A /* Resources */ = {
			isa = PBXGroup;
			children = (
				B29ECCEDE7B5467DB87FE03B /* Neue Plak Black.ttf */,
				4AB98041ACD04E4BA06B086F /* Neue Plak Bold.ttf */,
				F03B76B657BC4D2BA7D201F4 /* Neue Plak Condensed Black.ttf */,
				64665055D5D84204973B52DD /* Neue Plak Condensed Bold.ttf */,
				E03087DF93A04A8CBA7C77C4 /* Neue Plak Condensed ExtraBlack.ttf */,
				5FEA830A39CD469BAED2AD76 /* Neue Plak Condensed Light.ttf */,
				2C1532709D8B44CC801A87A7 /* Neue Plak Condensed Regular.ttf */,
				A0792AED21AC44CDA2DA3E25 /* Neue Plak Condensed SemiBold.ttf */,
				C9FFF32E50234E14A3E02299 /* Neue Plak Condensed Thin.ttf */,
				2EC770F56EC54EF9A25D4276 /* Neue Plak Condensed UltraLight.ttf */,
				15B3B53C91C74D61BB254973 /* Neue Plak Extended Black.ttf */,
				184B0A336A424FEEB85B33C4 /* Neue Plak Extended Bold.ttf */,
				DEAD105FBFED4CB58AC2EE10 /* Neue Plak Extended ExtraBlack.ttf */,
				428F6832D1BB4A069133EBA1 /* Neue Plak Extended Light.ttf */,
				1AC1AD42F9AA4F60A76769C4 /* Neue Plak Extended Regular.ttf */,
				64471FE47DF94E23B2D0EF81 /* Neue Plak Extended SemiBold.ttf */,
				50C1260983BF4C2D897EB7F3 /* Neue Plak Extended Thin.ttf */,
				D7BC9EED82BC4408BEF484AF /* Neue Plak Extended UltraLight.ttf */,
				477ECD74842F405CB944DA73 /* Neue Plak ExtraBlack.ttf */,
				EA49A3132CE640438544E782 /* Neue Plak Light.ttf */,
				92BF6552D4604451BB4FF678 /* Neue Plak Regular.ttf */,
				B6E59B51755147B090BB0653 /* Neue Plak SemiBold.ttf */,
				A6FC6AF6CD234ADDBD6E1811 /* Neue Plak Text Black Italic.ttf */,
				B3B8F6375FBD42138AD7D2CD /* Neue Plak Text Black.ttf */,
				B78B550DA6E24291B200337B /* Neue Plak Text Bold Italic.ttf */,
				7D05A5B824EA45D8A46676C5 /* Neue Plak Text Bold.ttf */,
				F28A8566198646C7843F0EED /* Neue Plak Text Italic.ttf */,
				294780BFDBCE487B9E8B014A /* Neue Plak Text Light Italic.ttf */,
				46A99155E84844D1934674EE /* Neue Plak Text Light.ttf */,
				5BEDF7D18E5F41BABCDBC61C /* Neue Plak Text SemiBold Italic.ttf */,
				6C3CAD2788104B168C1A87F4 /* Neue Plak Text SemiBold.ttf */,
				2A5A19548ACC40A7BCE79623 /* Neue Plak Text Thin Italic.ttf */,
				473008983E4D4328998080B4 /* Neue Plak Text Thin.ttf */,
				F004C8E5AA2D4C048686AEB7 /* Neue Plak Thin.ttf */,
				BFD78522002B4BDAA53AD3E9 /* Neue Plak UltraLight.ttf */,
				004F13919E6F4918AB35AA97 /* Montserrat-Bold.ttf */,
				262CDA1D04894CF2B1E10C15 /* Montserrat-Medium.ttf */,
				11363C8507B143B693B751C0 /* Montserrat-Regular.ttf */,
				A75EC8C0E9DA48FCB9A2D29F /* Montserrat-SemiBold.ttf */,
				4FB66535EEB44F41BC97C3C3 /* Nexa-Heavy.ttf */,
			);
			name = Resources;
			sourceTree = "<group>";
		};
/* End PBXGroup section */

/* Begin PBXNativeTarget section */
		00E356ED1AD99517003FC87E /* payAiroTests */ = {
			isa = PBXNativeTarget;
			buildConfigurationList = 00E357021AD99517003FC87E /* Build configuration list for PBXNativeTarget "payAiroTests" */;
			buildPhases = (
				2A4908A27E410E470340F992 /* [CP] Check Pods Manifest.lock */,
				00E356EA1AD99517003FC87E /* Sources */,
				00E356EB1AD99517003FC87E /* Frameworks */,
				00E356EC1AD99517003FC87E /* Resources */,
				B7C2B283A35FC99600483B45 /* [CP] Embed Pods Frameworks */,
				3A510027F0D6C13D64404E30 /* [CP] Copy Pods Resources */,
			);
			buildRules = (
			);
			dependencies = (
				00E356F51AD99517003FC87E /* PBXTargetDependency */,
			);
			name = payAiroTests;
			productName = payAiroTests;
			productReference = 00E356EE1AD99517003FC87E /* payAiroTests.xctest */;
			productType = "com.apple.product-type.bundle.unit-test";
		};
		13B07F861A680F5B00A75B9A /* payAiro */ = {
			isa = PBXNativeTarget;
			buildConfigurationList = 13B07F931A680F5B00A75B9A /* Build configuration list for PBXNativeTarget "payAiro" */;
			buildPhases = (
				D3CE46AF303CC1C8B49C3153 /* [CP] Check Pods Manifest.lock */,
				13B07F871A680F5B00A75B9A /* Sources */,
				13B07F8C1A680F5B00A75B9A /* Frameworks */,
				13B07F8E1A680F5B00A75B9A /* Resources */,
				00DD1BFF1BD5951E006B06BC /* Bundle React Native code and images */,
				BB7BFECE347AA15877BAC35B /* [CP] Embed Pods Frameworks */,
				DCCAFBB413805D42D8277BFC /* [CP] Copy Pods Resources */,
				42CE9CDD4B7F3619DC09A21D /* [CP-User] [RNFB] Core Configuration */,
			);
			buildRules = (
			);
			dependencies = (
			);
			name = payAiro;
			productName = payAiro;
			productReference = 13B07F961A680F5B00A75B9A /* payAiro.app */;
			productType = "com.apple.product-type.application";
		};
/* End PBXNativeTarget section */

/* Begin PBXProject section */
		83CBB9F71A601CBA00E9B192 /* Project object */ = {
			isa = PBXProject;
			attributes = {
				LastUpgradeCheck = 1210;
				TargetAttributes = {
					00E356ED1AD99517003FC87E = {
						CreatedOnToolsVersion = 6.2;
						TestTargetID = 13B07F861A680F5B00A75B9A;
					};
					13B07F861A680F5B00A75B9A = {
						LastSwiftMigration = 1120;
					};
				};
			};
			buildConfigurationList = 83CBB9FA1A601CBA00E9B192 /* Build configuration list for PBXProject "payAiro" */;
			compatibilityVersion = "Xcode 12.0";
			developmentRegion = en;
			hasScannedForEncodings = 0;
			knownRegions = (
				en,
				Base,
			);
			mainGroup = 83CBB9F61A601CBA00E9B192;
			productRefGroup = 83CBBA001A601CBA00E9B192 /* Products */;
			projectDirPath = "";
			projectRoot = "";
			targets = (
				13B07F861A680F5B00A75B9A /* payAiro */,
				00E356ED1AD99517003FC87E /* payAiroTests */,
			);
		};
/* End PBXProject section */

/* Begin PBXResourcesBuildPhase section */
		00E356EC1AD99517003FC87E /* Resources */ = {
			isa = PBXResourcesBuildPhase;
			buildActionMask = 2147483647;
			files = (
			);
			runOnlyForDeploymentPostprocessing = 0;
		};
		13B07F8E1A680F5B00A75B9A /* Resources */ = {
			isa = PBXResourcesBuildPhase;
			buildActionMask = 2147483647;
			files = (
				81AB9BB82411601600AC10FF /* LaunchScreen.storyboard in Resources */,
				13B07FBF1A68108700A75B9A /* Images.xcassets in Resources */,
				7C90F5CF2F3226F300BBD2AA /* GoogleService-Info.plist in Resources */,
				80F809D5271922DBD435053C /* PrivacyInfo.xcprivacy in Resources */,
				13B07FB91A68108700A75B9A /* FreshchatCustomTheme.plist in Resources */,
				212E88E3923248FBAF8182FC /* Neue Plak Black.ttf in Resources */,
				8E02F2F52745487AAC437182 /* Neue Plak Bold.ttf in Resources */,
				99FA4AFC25114E6588CE4303 /* Neue Plak Condensed Black.ttf in Resources */,
				AC4A211C755A4FE0A62FD297 /* Neue Plak Condensed Bold.ttf in Resources */,
				FE814486AA7B482D98812770 /* Neue Plak Condensed ExtraBlack.ttf in Resources */,
				E4810FFCB8FC4B62A77FBEA2 /* Neue Plak Condensed Light.ttf in Resources */,
				852126ED5F5D494C813247F6 /* Neue Plak Condensed Regular.ttf in Resources */,
				D841793F8B794AA1BF982946 /* Neue Plak Condensed SemiBold.ttf in Resources */,
				6711D27DBED44B0386C3AD7B /* Neue Plak Condensed Thin.ttf in Resources */,
				C6199536F63A414292ABDC74 /* Neue Plak Condensed UltraLight.ttf in Resources */,
				A1098CD5E93E41DC9471BA34 /* Neue Plak Extended Black.ttf in Resources */,
				E9F687D508EA49B0B90377CA /* Neue Plak Extended Bold.ttf in Resources */,
				37A453A7D6974979940E6E4D /* Neue Plak Extended ExtraBlack.ttf in Resources */,
				ECF98647F15940358ACB52AA /* Neue Plak Extended Light.ttf in Resources */,
				7718BAA7F1AC4560BF164274 /* Neue Plak Extended Regular.ttf in Resources */,
				B610A6D054C2464CB62A0025 /* Neue Plak Extended SemiBold.ttf in Resources */,
				AF98CF25505D4F7C9C3FBB47 /* Neue Plak Extended Thin.ttf in Resources */,
				AD296A06B2094600A70189A3 /* Neue Plak Extended UltraLight.ttf in Resources */,
				16BBA24566EC48CD86D0B5FE /* Neue Plak ExtraBlack.ttf in Resources */,
				FC0825FF0DA64D889BA0D54A /* Neue Plak Light.ttf in Resources */,
				5A42D812F9164A2EA161C5BD /* Neue Plak Regular.ttf in Resources */,
				875AAE57ABA64B7BB4EC703D /* Neue Plak SemiBold.ttf in Resources */,
				F6D3549632C5406C9AFC729E /* Neue Plak Text Black Italic.ttf in Resources */,
				523A4C7981344771B599CAF2 /* Neue Plak Text Black.ttf in Resources */,
				6A9A4987BFA74434907D0716 /* Neue Plak Text Bold Italic.ttf in Resources */,
				7593A7FD4B5544D2B7704888 /* Neue Plak Text Bold.ttf in Resources */,
				742EE2B2B54742ACAF2C9BD5 /* Neue Plak Text Italic.ttf in Resources */,
				FDD1596A04954B10AAC06AA0 /* Neue Plak Text Light Italic.ttf in Resources */,
				4C7DD3BCF2F748029D9667D2 /* Neue Plak Text Light.ttf in Resources */,
				9619574D6E6E481F80654018 /* Neue Plak Text SemiBold Italic.ttf in Resources */,
				F1FFBCF5FE7441639DC87E1C /* Neue Plak Text SemiBold.ttf in Resources */,
				9EA2FD61DC8C479EAB1F43FA /* Neue Plak Text Thin Italic.ttf in Resources */,
				BEFDD9BBF8EF46DB9874ED62 /* Neue Plak Text Thin.ttf in Resources */,
				C60B5E2BF2E942F29CDE6BB9 /* Neue Plak Thin.ttf in Resources */,
				B6A01EB56F554EF095A75106 /* Neue Plak UltraLight.ttf in Resources */,
				1F7C69D5F11B4F5F903BB0EC /* Montserrat-Bold.ttf in Resources */,
				8C1B96859D1C42F2A280566B /* Montserrat-Medium.ttf in Resources */,
				7BE6D847D2254811B99ECA9D /* Montserrat-Regular.ttf in Resources */,
				6FABE76F59DC45419755FD82 /* Montserrat-SemiBold.ttf in Resources */,
				7F59CA2815B44926A9A3D113 /* Nexa-Heavy.ttf in Resources */,
			);
			runOnlyForDeploymentPostprocessing = 0;
		};
/* End PBXResourcesBuildPhase section */

/* Begin PBXShellScriptBuildPhase section */
		00DD1BFF1BD5951E006B06BC /* Bundle React Native code and images */ = {
			isa = PBXShellScriptBuildPhase;
			buildActionMask = 2147483647;
			files = (
			);
			inputPaths = (
				"$(SRCROOT)/.xcode.env.local",
				"$(SRCROOT)/.xcode.env",
			);
			name = "Bundle React Native code and images";
			outputPaths = (
			);
			runOnlyForDeploymentPostprocessing = 0;
			shellPath = /bin/sh;
			shellScript = "set -e\n\nWITH_ENVIRONMENT=\"$REACT_NATIVE_PATH/scripts/xcode/with-environment.sh\"\nREACT_NATIVE_XCODE=\"$REACT_NATIVE_PATH/scripts/react-native-xcode.sh\"\n\n/bin/sh -c \"$WITH_ENVIRONMENT $REACT_NATIVE_XCODE\"\n";
		};
		2A4908A27E410E470340F992 /* [CP] Check Pods Manifest.lock */ = {
			isa = PBXShellScriptBuildPhase;
			buildActionMask = 2147483647;
			files = (
			);
			inputFileListPaths = (
			);
			inputPaths = (
				"${PODS_PODFILE_DIR_PATH}/Podfile.lock",
				"${PODS_ROOT}/Manifest.lock",
			);
			name = "[CP] Check Pods Manifest.lock";
			outputFileListPaths = (
			);
			outputPaths = (
				"$(DERIVED_FILE_DIR)/Pods-payAiro-payAiroTests-checkManifestLockResult.txt",
			);
			runOnlyForDeploymentPostprocessing = 0;
			shellPath = /bin/sh;
			shellScript = "diff \"${PODS_PODFILE_DIR_PATH}/Podfile.lock\" \"${PODS_ROOT}/Manifest.lock\" > /dev/null\nif [ $? != 0 ] ; then\n    # print error to STDERR\n    echo \"error: The sandbox is not in sync with the Podfile.lock. Run 'pod install' or update your CocoaPods installation.\" >&2\n    exit 1\nfi\n# This output is used by Xcode 'outputs' to avoid re-running this script phase.\necho \"SUCCESS\" > \"${SCRIPT_OUTPUT_FILE_0}\"\n";
			showEnvVarsInLog = 0;
		};
		3A510027F0D6C13D64404E30 /* [CP] Copy Pods Resources */ = {
			isa = PBXShellScriptBuildPhase;
			buildActionMask = 2147483647;
			files = (
			);
			inputFileListPaths = (
				"${PODS_ROOT}/Target Support Files/Pods-payAiro-payAiroTests/Pods-payAiro-payAiroTests-resources-${CONFIGURATION}-input-files.xcfilelist",
			);
			name = "[CP] Copy Pods Resources";
			outputFileListPaths = (
				"${PODS_ROOT}/Target Support Files/Pods-payAiro-payAiroTests/Pods-payAiro-payAiroTests-resources-${CONFIGURATION}-output-files.xcfilelist",
			);
			runOnlyForDeploymentPostprocessing = 0;
			shellPath = /bin/sh;
			shellScript = "\"${PODS_ROOT}/Target Support Files/Pods-payAiro-payAiroTests/Pods-payAiro-payAiroTests-resources.sh\"\n";
			showEnvVarsInLog = 0;
		};
		42CE9CDD4B7F3619DC09A21D /* [CP-User] [RNFB] Core Configuration */ = {
			isa = PBXShellScriptBuildPhase;
			buildActionMask = 2147483647;
			files = (
			);
			inputPaths = (
				"$(BUILT_PRODUCTS_DIR)/$(INFOPLIST_PATH)",
			);
			name = "[CP-User] [RNFB] Core Configuration";
			runOnlyForDeploymentPostprocessing = 0;
			shellPath = /bin/sh;
			shellScript = "#!/usr/bin/env bash\n#\n# Copyright (c) 2016-present Invertase Limited & Contributors\n#\n# Licensed under the Apache License, Version 2.0 (the \"License\");\n# you may not use this library except in compliance with the License.\n# You may obtain a copy of the License at\n#\n#   http://www.apache.org/licenses/LICENSE-2.0\n#\n# Unless required by applicable law or agreed to in writing, software\n# distributed under the License is distributed on an \"AS IS\" BASIS,\n# WITHOUT WARRANTIES OR CONDITIONS OF ANY KIND, either express or implied.\n# See the License for the specific language governing permissions and\n# limitations under the License.\n#\n\n##########################################################################\n##########################################################################\n#\n#  NOTE THAT IF YOU CHANGE THIS FILE YOU MUST RUN pod install AFTERWARDS\n#\n#  This file is installed as an Xcode build script in the project file\n#  by cocoapods, and you will not see your changes until you pod install\n#\n##########################################################################\n##########################################################################\n\nset -e\n\n_MAX_LOOKUPS=2;\n_SEARCH_RESULT=''\n_RN_ROOT_EXISTS=''\n_CURRENT_LOOKUPS=1\n_JSON_ROOT=\"'react-native'\"\n_JSON_FILE_NAME='firebase.json'\n_JSON_OUTPUT_BASE64='e30=' # { }\n_CURRENT_SEARCH_DIR=${PROJECT_DIR}\n_PLIST_BUDDY=/usr/libexec/PlistBuddy\n_TARGET_PLIST=\"${BUILT_PRODUCTS_DIR}/${INFOPLIST_PATH}\"\n_DSYM_PLIST=\"${DWARF_DSYM_FOLDER_PATH}/${DWARF_DSYM_FILE_NAME}/Contents/Info.plist\"\n\n# plist arrays\n_PLIST_ENTRY_KEYS=()\n_PLIST_ENTRY_TYPES=()\n_PLIST_ENTRY_VALUES=()\n\nfunction setPlistValue {\n  echo \"info:      setting plist entry '$1' of type '$2' in file '$4'\"\n  ${_PLIST_BUDDY} -c \"Add :$1 $2 '$3'\" $4 || echo \"info:      '$1' already exists\"\n}\n\nfunction getFirebaseJsonKeyValue () {\n  if [[ ${_RN_ROOT_EXISTS} ]]; then\n    ruby -Ku -e \"require 'rubygems';require 'json'; output=JSON.parse('$1'); puts output[$_JSON_ROOT]['$2']\"\n  else\n    echo \"\"\n  fi;\n}\n\nfunction jsonBoolToYesNo () {\n  if [[ $1 == \"false\" ]]; then\n    echo \"NO\"\n  elif [[ $1 == \"true\" ]]; then\n    echo \"YES\"\n  else echo \"NO\"\n  fi\n}\n\necho \"info: -> RNFB build script started\"\necho \"info: 1) Locating ${_JSON_FILE_NAME} file:\"\n\nif [[ -z ${_CURRENT_SEARCH_DIR} ]]; then\n  _CURRENT_SEARCH_DIR=$(pwd)\nfi;\n\nwhile true; do\n  _CURRENT_SEARCH_DIR=$(dirname \"$_CURRENT_SEARCH_DIR\")\n  if [[ \"$_CURRENT_SEARCH_DIR\" == \"/\" ]] || [[ ${_CURRENT_LOOKUPS} -gt ${_MAX_LOOKUPS} ]]; then break; fi;\n  echo \"info:      ($_CURRENT_LOOKUPS of $_MAX_LOOKUPS) Searching in '$_CURRENT_SEARCH_DIR' for a ${_JSON_FILE_NAME} file.\"\n  _SEARCH_RESULT=$(find \"$_CURRENT_SEARCH_DIR\" -maxdepth 2 -name ${_JSON_FILE_NAME} -print | /usr/bin/head -n 1)\n  if [[ ${_SEARCH_RESULT} ]]; then\n    echo \"info:      ${_JSON_FILE_NAME} found at $_SEARCH_RESULT\"\n    break;\n  fi;\n  _CURRENT_LOOKUPS=$((_CURRENT_LOOKUPS+1))\ndone\n\nif [[ ${_SEARCH_RESULT} ]]; then\n  _JSON_OUTPUT_RAW=$(cat \"${_SEARCH_RESULT}\")\n  _RN_ROOT_EXISTS=$(ruby -Ku -e \"require 'rubygems';require 'json'; output=JSON.parse('$_JSON_OUTPUT_RAW'); puts output[$_JSON_ROOT]\" || echo '')\n\n  if [[ ${_RN_ROOT_EXISTS} ]]; then\n    if ! python3 --version >/dev/null 2>&1; then echo \"python3 not found, firebase.json file processing error.\" && exit 1; fi\n    _JSON_OUTPUT_BASE64=$(python3 -c 'import json,sys,base64;print(base64.b64encode(bytes(json.dumps(json.loads(open('\"'${_SEARCH_RESULT}'\"', '\"'rb'\"').read())['${_JSON_ROOT}']), '\"'utf-8'\"')).decode())' || echo \"e30=\")\n  fi\n\n  _PLIST_ENTRY_KEYS+=(\"firebase_json_raw\")\n  _PLIST_ENTRY_TYPES+=(\"string\")\n  _PLIST_ENTRY_VALUES+=(\"$_JSON_OUTPUT_BASE64\")\n\n  # config.app_data_collection_default_enabled\n  _APP_DATA_COLLECTION_ENABLED=$(getFirebaseJsonKeyValue \"$_JSON_OUTPUT_RAW\" \"app_data_collection_default_enabled\")\n  if [[ $_APP_DATA_COLLECTION_ENABLED ]]; then\n    _PLIST_ENTRY_KEYS+=(\"FirebaseDataCollectionDefaultEnabled\")\n    _PLIST_ENTRY_TYPES+=(\"bool\")\n    _PLIST_ENTRY_VALUES+=(\"$(jsonBoolToYesNo \"$_APP_DATA_COLLECTION_ENABLED\")\")\n  fi\n\n  # config.analytics_auto_collection_enabled\n  _ANALYTICS_AUTO_COLLECTION=$(getFirebaseJsonKeyValue \"$_JSON_OUTPUT_RAW\" \"analytics_auto_collection_enabled\")\n  if [[ $_ANALYTICS_AUTO_COLLECTION ]]; then\n    _PLIST_ENTRY_KEYS+=(\"FIREBASE_ANALYTICS_COLLECTION_ENABLED\")\n    _PLIST_ENTRY_TYPES+=(\"bool\")\n    _PLIST_ENTRY_VALUES+=(\"$(jsonBoolToYesNo \"$_ANALYTICS_AUTO_COLLECTION\")\")\n  fi\n\n  # config.analytics_collection_deactivated\n  _ANALYTICS_DEACTIVATED=$(getFirebaseJsonKeyValue \"$_JSON_OUTPUT_RAW\" \"analytics_collection_deactivated\")\n  if [[ $_ANALYTICS_DEACTIVATED ]]; then\n    _PLIST_ENTRY_KEYS+=(\"FIREBASE_ANALYTICS_COLLECTION_DEACTIVATED\")\n    _PLIST_ENTRY_TYPES+=(\"bool\")\n    _PLIST_ENTRY_VALUES+=(\"$(jsonBoolToYesNo \"$_ANALYTICS_DEACTIVATED\")\")\n  fi\n\n  # config.analytics_idfv_collection_enabled\n  _ANALYTICS_IDFV_COLLECTION=$(getFirebaseJsonKeyValue \"$_JSON_OUTPUT_RAW\" \"analytics_idfv_collection_enabled\")\n  if [[ $_ANALYTICS_IDFV_COLLECTION ]]; then\n    _PLIST_ENTRY_KEYS+=(\"GOOGLE_ANALYTICS_IDFV_COLLECTION_ENABLED\")\n    _PLIST_ENTRY_TYPES+=(\"bool\")\n    _PLIST_ENTRY_VALUES+=(\"$(jsonBoolToYesNo \"$_ANALYTICS_IDFV_COLLECTION\")\")\n  fi\n\n  # config.analytics_default_allow_analytics_storage\n  _ANALYTICS_STORAGE=$(getFirebaseJsonKeyValue \"$_JSON_OUTPUT_RAW\" \"analytics_default_allow_analytics_storage\")\n  if [[ $_ANALYTICS_STORAGE ]]; then\n    _PLIST_ENTRY_KEYS+=(\"GOOGLE_ANALYTICS_DEFAULT_ALLOW_ANALYTICS_STORAGE\")\n    _PLIST_ENTRY_TYPES+=(\"bool\")\n    _PLIST_ENTRY_VALUES+=(\"$(jsonBoolToYesNo \"$_ANALYTICS_STORAGE\")\")\n  fi\n\n  # config.analytics_default_allow_ad_storage\n  _ANALYTICS_AD_STORAGE=$(getFirebaseJsonKeyValue \"$_JSON_OUTPUT_RAW\" \"analytics_default_allow_ad_storage\")\n  if [[ $_ANALYTICS_AD_STORAGE ]]; then\n    _PLIST_ENTRY_KEYS+=(\"GOOGLE_ANALYTICS_DEFAULT_ALLOW_AD_STORAGE\")\n    _PLIST_ENTRY_TYPES+=(\"bool\")\n    _PLIST_ENTRY_VALUES+=(\"$(jsonBoolToYesNo \"$_ANALYTICS_AD_STORAGE\")\")\n  fi\n\n  # config.analytics_default_allow_ad_user_data\n  _ANALYTICS_AD_USER_DATA=$(getFirebaseJsonKeyValue \"$_JSON_OUTPUT_RAW\" \"analytics_default_allow_ad_user_data\")\n  if [[ $_ANALYTICS_AD_USER_DATA ]]; then\n    _PLIST_ENTRY_KEYS+=(\"GOOGLE_ANALYTICS_DEFAULT_ALLOW_AD_USER_DATA\")\n    _PLIST_ENTRY_TYPES+=(\"bool\")\n    _PLIST_ENTRY_VALUES+=(\"$(jsonBoolToYesNo \"$_ANALYTICS_AD_USER_DATA\")\")\n  fi\n\n  # config.analytics_default_allow_ad_personalization_signals\n  _ANALYTICS_PERSONALIZATION=$(getFirebaseJsonKeyValue \"$_JSON_OUTPUT_RAW\" \"analytics_default_allow_ad_personalization_signals\")\n  if [[ $_ANALYTICS_PERSONALIZATION ]]; then\n    _PLIST_ENTRY_KEYS+=(\"GOOGLE_ANALYTICS_DEFAULT_ALLOW_AD_PERSONALIZATION_SIGNALS\")\n    _PLIST_ENTRY_TYPES+=(\"bool\")\n    _PLIST_ENTRY_VALUES+=(\"$(jsonBoolToYesNo \"$_ANALYTICS_PERSONALIZATION\")\")\n  fi\n\n  # config.analytics_registration_with_ad_network_enabled\n  _ANALYTICS_REGISTRATION_WITH_AD_NETWORK=$(getFirebaseJsonKeyValue \"$_JSON_OUTPUT_RAW\" \"google_analytics_registration_with_ad_network_enabled\")\n  if [[ $_ANALYTICS_REGISTRATION_WITH_AD_NETWORK ]]; then\n    _PLIST_ENTRY_KEYS+=(\"GOOGLE_ANALYTICS_REGISTRATION_WITH_AD_NETWORK_ENABLED\")\n    _PLIST_ENTRY_TYPES+=(\"bool\")\n    _PLIST_ENTRY_VALUES+=(\"$(jsonBoolToYesNo \"$_ANALYTICS_REGISTRATION_WITH_AD_NETWORK\")\")\n  fi\n\n  # config.google_analytics_automatic_screen_reporting_enabled\n  _ANALYTICS_AUTO_SCREEN_REPORTING=$(getFirebaseJsonKeyValue \"$_JSON_OUTPUT_RAW\" \"google_analytics_automatic_screen_reporting_enabled\")\n  if [[ $_ANALYTICS_AUTO_SCREEN_REPORTING ]]; then\n    _PLIST_ENTRY_KEYS+=(\"FirebaseAutomaticScreenReportingEnabled\")\n    _PLIST_ENTRY_TYPES+=(\"bool\")\n    _PLIST_ENTRY_VALUES+=(\"$(jsonBoolToYesNo \"$_ANALYTICS_AUTO_SCREEN_REPORTING\")\")\n  fi\n\n  # config.perf_auto_collection_enabled\n  _PERF_AUTO_COLLECTION=$(getFirebaseJsonKeyValue \"$_JSON_OUTPUT_RAW\" \"perf_auto_collection_enabled\")\n  if [[ $_PERF_AUTO_COLLECTION ]]; then\n    _PLIST_ENTRY_KEYS+=(\"firebase_performance_collection_enabled\")\n    _PLIST_ENTRY_TYPES+=(\"bool\")\n    _PLIST_ENTRY_VALUES+=(\"$(jsonBoolToYesNo \"$_PERF_AUTO_COLLECTION\")\")\n  fi\n\n  # config.perf_collection_deactivated\n  _PERF_DEACTIVATED=$(getFirebaseJsonKeyValue \"$_JSON_OUTPUT_RAW\" \"perf_collection_deactivated\")\n  if [[ $_PERF_DEACTIVATED ]]; then\n    _PLIST_ENTRY_KEYS+=(\"firebase_performance_collection_deactivated\")\n    _PLIST_ENTRY_TYPES+=(\"bool\")\n    _PLIST_ENTRY_VALUES+=(\"$(jsonBoolToYesNo \"$_PERF_DEACTIVATED\")\")\n  fi\n\n  # config.messaging_auto_init_enabled\n  _MESSAGING_AUTO_INIT=$(getFirebaseJsonKeyValue \"$_JSON_OUTPUT_RAW\" \"messaging_auto_init_enabled\")\n  if [[ $_MESSAGING_AUTO_INIT ]]; then\n    _PLIST_ENTRY_KEYS+=(\"FirebaseMessagingAutoInitEnabled\")\n    _PLIST_ENTRY_TYPES+=(\"bool\")\n    _PLIST_ENTRY_VALUES+=(\"$(jsonBoolToYesNo \"$_MESSAGING_AUTO_INIT\")\")\n  fi\n\n  # config.in_app_messaging_auto_colllection_enabled\n  _FIAM_AUTO_INIT=$(getFirebaseJsonKeyValue \"$_JSON_OUTPUT_RAW\" \"in_app_messaging_auto_collection_enabled\")\n  if [[ $_FIAM_AUTO_INIT ]]; then\n    _PLIST_ENTRY_KEYS+=(\"FirebaseInAppMessagingAutomaticDataCollectionEnabled\")\n    _PLIST_ENTRY_TYPES+=(\"bool\")\n    _PLIST_ENTRY_VALUES+=(\"$(jsonBoolToYesNo \"$_FIAM_AUTO_INIT\")\")\n  fi\n\n  # config.app_check_token_auto_refresh\n  _APP_CHECK_TOKEN_AUTO_REFRESH=$(getFirebaseJsonKeyValue \"$_JSON_OUTPUT_RAW\" \"app_check_token_auto_refresh\")\n  if [[ $_APP_CHECK_TOKEN_AUTO_REFRESH ]]; then\n    _PLIST_ENTRY_KEYS+=(\"FirebaseAppCheckTokenAutoRefreshEnabled\")\n    _PLIST_ENTRY_TYPES+=(\"bool\")\n    _PLIST_ENTRY_VALUES+=(\"$(jsonBoolToYesNo \"$_APP_CHECK_TOKEN_AUTO_REFRESH\")\")\n  fi\n\n  # config.crashlytics_disable_auto_disabler - undocumented for now - mainly for debugging, document if becomes useful\n  _CRASHLYTICS_AUTO_DISABLE_ENABLED=$(getFirebaseJsonKeyValue \"$_JSON_OUTPUT_RAW\" \"crashlytics_disable_auto_disabler\")\n  if [[ $_CRASHLYTICS_AUTO_DISABLE_ENABLED == \"true\" ]]; then\n    echo \"Disabled Crashlytics auto disabler.\" # do nothing\n  else\n    _PLIST_ENTRY_KEYS+=(\"FirebaseCrashlyticsCollectionEnabled\")\n    _PLIST_ENTRY_TYPES+=(\"bool\")\n    _PLIST_ENTRY_VALUES+=(\"NO\")\n  fi\nelse\n  _PLIST_ENTRY_KEYS+=(\"firebase_json_raw\")\n  _PLIST_ENTRY_TYPES+=(\"string\")\n  _PLIST_ENTRY_VALUES+=(\"$_JSON_OUTPUT_BASE64\")\n  echo \"warning:   A firebase.json file was not found, whilst this file is optional it is recommended to include it to configure firebase services in React Native Firebase.\"\nfi;\n\necho \"info: 2) Injecting Info.plist entries: \"\n\n# Log out the keys we're adding\nfor i in \"${!_PLIST_ENTRY_KEYS[@]}\"; do\n  echo \"    ->  $i) ${_PLIST_ENTRY_KEYS[$i]}\" \"${_PLIST_ENTRY_TYPES[$i]}\" \"${_PLIST_ENTRY_VALUES[$i]}\"\ndone\n\nfor plist in \"${_TARGET_PLIST}\" \"${_DSYM_PLIST}\" ; do\n  if [[ -f \"${plist}\" ]]; then\n\n    # paths with spaces break the call to setPlistValue. temporarily modify\n    # the shell internal field separator variable (IFS), which normally\n    # includes spaces, to consist only of line breaks\n    oldifs=$IFS\n    IFS=\"\n\"\n\n    for i in \"${!_PLIST_ENTRY_KEYS[@]}\"; do\n      setPlistValue \"${_PLIST_ENTRY_KEYS[$i]}\" \"${_PLIST_ENTRY_TYPES[$i]}\" \"${_PLIST_ENTRY_VALUES[$i]}\" \"${plist}\"\n    done\n\n    # restore the original internal field separator value\n    IFS=$oldifs\n  else\n    echo \"warning:   A Info.plist build output file was not found (${plist})\"\n  fi\ndone\n\necho \"info: <- RNFB build script finished\"\n";
		};
		B7C2B283A35FC99600483B45 /* [CP] Embed Pods Frameworks */ = {
			isa = PBXShellScriptBuildPhase;
			buildActionMask = 2147483647;
			files = (
			);
			inputFileListPaths = (
				"${PODS_ROOT}/Target Support Files/Pods-payAiro-payAiroTests/Pods-payAiro-payAiroTests-frameworks-${CONFIGURATION}-input-files.xcfilelist",
			);
			name = "[CP] Embed Pods Frameworks";
			outputFileListPaths = (
				"${PODS_ROOT}/Target Support Files/Pods-payAiro-payAiroTests/Pods-payAiro-payAiroTests-frameworks-${CONFIGURATION}-output-files.xcfilelist",
			);
			runOnlyForDeploymentPostprocessing = 0;
			shellPath = /bin/sh;
			shellScript = "\"${PODS_ROOT}/Target Support Files/Pods-payAiro-payAiroTests/Pods-payAiro-payAiroTests-frameworks.sh\"\n";
			showEnvVarsInLog = 0;
		};
		BB7BFECE347AA15877BAC35B /* [CP] Embed Pods Frameworks */ = {
			isa = PBXShellScriptBuildPhase;
			buildActionMask = 2147483647;
			files = (
			);
			inputFileListPaths = (
				"${PODS_ROOT}/Target Support Files/Pods-payAiro/Pods-payAiro-frameworks-${CONFIGURATION}-input-files.xcfilelist",
			);
			name = "[CP] Embed Pods Frameworks";
			outputFileListPaths = (
				"${PODS_ROOT}/Target Support Files/Pods-payAiro/Pods-payAiro-frameworks-${CONFIGURATION}-output-files.xcfilelist",
			);
			runOnlyForDeploymentPostprocessing = 0;
			shellPath = /bin/sh;
			shellScript = "\"${PODS_ROOT}/Target Support Files/Pods-payAiro/Pods-payAiro-frameworks.sh\"\n";
			showEnvVarsInLog = 0;
		};
		D3CE46AF303CC1C8B49C3153 /* [CP] Check Pods Manifest.lock */ = {
			isa = PBXShellScriptBuildPhase;
			buildActionMask = 2147483647;
			files = (
			);
			inputFileListPaths = (
			);
			inputPaths = (
				"${PODS_PODFILE_DIR_PATH}/Podfile.lock",
				"${PODS_ROOT}/Manifest.lock",
			);
			name = "[CP] Check Pods Manifest.lock";
			outputFileListPaths = (
			);
			outputPaths = (
				"$(DERIVED_FILE_DIR)/Pods-payAiro-checkManifestLockResult.txt",
			);
			runOnlyForDeploymentPostprocessing = 0;
			shellPath = /bin/sh;
			shellScript = "diff \"${PODS_PODFILE_DIR_PATH}/Podfile.lock\" \"${PODS_ROOT}/Manifest.lock\" > /dev/null\nif [ $? != 0 ] ; then\n    # print error to STDERR\n    echo \"error: The sandbox is not in sync with the Podfile.lock. Run 'pod install' or update your CocoaPods installation.\" >&2\n    exit 1\nfi\n# This output is used by Xcode 'outputs' to avoid re-running this script phase.\necho \"SUCCESS\" > \"${SCRIPT_OUTPUT_FILE_0}\"\n";
			showEnvVarsInLog = 0;
		};
		DCCAFBB413805D42D8277BFC /* [CP] Copy Pods Resources */ = {
			isa = PBXShellScriptBuildPhase;
			buildActionMask = 2147483647;
			files = (
			);
			inputFileListPaths = (
				"${PODS_ROOT}/Target Support Files/Pods-payAiro/Pods-payAiro-resources-${CONFIGURATION}-input-files.xcfilelist",
			);
			name = "[CP] Copy Pods Resources";
			outputFileListPaths = (
				"${PODS_ROOT}/Target Support Files/Pods-payAiro/Pods-payAiro-resources-${CONFIGURATION}-output-files.xcfilelist",
			);
			runOnlyForDeploymentPostprocessing = 0;
			shellPath = /bin/sh;
			shellScript = "\"${PODS_ROOT}/Target Support Files/Pods-payAiro/Pods-payAiro-resources.sh\"\n";
			showEnvVarsInLog = 0;
		};
/* End PBXShellScriptBuildPhase section */

/* Begin PBXSourcesBuildPhase section */
		00E356EA1AD99517003FC87E /* Sources */ = {
			isa = PBXSourcesBuildPhase;
			buildActionMask = 2147483647;
			files = (
				00E356F31AD99517003FC87E /* payAiroTests.m in Sources */,
			);
			runOnlyForDeploymentPostprocessing = 0;
		};
		13B07F871A680F5B00A75B9A /* Sources */ = {
			isa = PBXSourcesBuildPhase;
			buildActionMask = 2147483647;
			files = (
				13B07FBD1A68108700A75B9A /* AppDelegate.swift in Sources */,
				1B92B61A7B7A4CE9B782C7B1 /* PayAiroQRScannerModule.swift in Sources */,
				1B92B61C7B7A4CE9B782C7B1 /* PayAiroQRScannerModule.m in Sources */,
			);
			runOnlyForDeploymentPostprocessing = 0;
		};
/* End PBXSourcesBuildPhase section */

/* Begin PBXTargetDependency section */
		00E356F51AD99517003FC87E /* PBXTargetDependency */ = {
			isa = PBXTargetDependency;
			target = 13B07F861A680F5B00A75B9A /* payAiro */;
			targetProxy = 00E356F41AD99517003FC87E /* PBXContainerItemProxy */;
		};
/* End PBXTargetDependency section */

/* Begin XCBuildConfiguration section */
		00E356F61AD99517003FC87E /* Debug */ = {
			isa = XCBuildConfiguration;
			baseConfigurationReference = 703D6C452E5D63A6F26B03F8 /* Pods-payAiro-payAiroTests.debug.xcconfig */;
			buildSettings = {
				BUNDLE_LOADER = "$(TEST_HOST)";
				GCC_PREPROCESSOR_DEFINITIONS = (
					"DEBUG=1",
					"$(inherited)",
				);
				INFOPLIST_FILE = payAiroTests/Info.plist;
				IPHONEOS_DEPLOYMENT_TARGET = 15.1;
				LD_RUNPATH_SEARCH_PATHS = (
					"$(inherited)",
					"@executable_path/Frameworks",
					"@loader_path/Frameworks",
				);
				OTHER_LDFLAGS = (
					"-ObjC",
					"-lc++",
					"$(inherited)",
				);
				PRODUCT_BUNDLE_IDENTIFIER = "org.reactjs.native.example.$(PRODUCT_NAME:rfc1034identifier)";
				PRODUCT_NAME = "$(TARGET_NAME)";
				TEST_HOST = "$(BUILT_PRODUCTS_DIR)/payAiro.app/payAiro";
			};
			name = Debug;
		};
		00E356F71AD99517003FC87E /* Release */ = {
			isa = XCBuildConfiguration;
			baseConfigurationReference = 77AE74387971C3FE8A240727 /* Pods-payAiro-payAiroTests.release.xcconfig */;
			buildSettings = {
				BUNDLE_LOADER = "$(TEST_HOST)";
				COPY_PHASE_STRIP = NO;
				INFOPLIST_FILE = payAiroTests/Info.plist;
				IPHONEOS_DEPLOYMENT_TARGET = 15.1;
				LD_RUNPATH_SEARCH_PATHS = (
					"$(inherited)",
					"@executable_path/Frameworks",
					"@loader_path/Frameworks",
				);
				OTHER_LDFLAGS = (
					"-ObjC",
					"-lc++",
					"$(inherited)",
				);
				PRODUCT_BUNDLE_IDENTIFIER = "org.reactjs.native.example.$(PRODUCT_NAME:rfc1034identifier)";
				PRODUCT_NAME = "$(TARGET_NAME)";
				TEST_HOST = "$(BUILT_PRODUCTS_DIR)/payAiro.app/payAiro";
			};
			name = Release;
		};
		13B07F941A680F5B00A75B9A /* Debug */ = {
			isa = XCBuildConfiguration;
			baseConfigurationReference = 3C312ED049A13DF1574BB433 /* Pods-payAiro.debug.xcconfig */;
			buildSettings = {
				ASSETCATALOG_COMPILER_APPICON_NAME = AppIcon;
				CLANG_ENABLE_MODULES = YES;
				CODE_SIGN_ENTITLEMENTS = payAiro/payAiro.entitlements;
				CURRENT_PROJECT_VERSION = 2;
				DEVELOPMENT_TEAM = 8T3V6TMY34;
				ENABLE_BITCODE = NO;
				INFOPLIST_FILE = payAiro/Info.plist;
				INFOPLIST_KEY_CFBundleDisplayName = PayAiro;
				IPHONEOS_DEPLOYMENT_TARGET = 15.1;
				LD_RUNPATH_SEARCH_PATHS = (
					"$(inherited)",
					"@executable_path/Frameworks",
				);
				MARKETING_VERSION = 6.68;
				OTHER_LDFLAGS = (
					"$(inherited)",
					"-ObjC",
					"-lc++",
				);
				PRODUCT_BUNDLE_IDENTIFIER = com.app.payairo;
				PRODUCT_NAME = payAiro;
				SUPPORTED_PLATFORMS = "iphoneos iphonesimulator";
				SUPPORTS_MACCATALYST = NO;
				SUPPORTS_MAC_DESIGNED_FOR_IPHONE_IPAD = NO;
				SWIFT_OBJC_BRIDGING_HEADER = "payAiro/payAiro-Bridging-Header.h";
				SWIFT_OPTIMIZATION_LEVEL = "-Onone";
				SWIFT_VERSION = 5.0;
				TARGETED_DEVICE_FAMILY = 1;
				VERSIONING_SYSTEM = "apple-generic";
			};
			name = Debug;
		};
		13B07F951A680F5B00A75B9A /* Release */ = {
			isa = XCBuildConfiguration;
			baseConfigurationReference = CA37AA5B114EC9533EEB723F /* Pods-payAiro.release.xcconfig */;
			buildSettings = {
				ASSETCATALOG_COMPILER_APPICON_NAME = AppIcon;
				CLANG_ENABLE_MODULES = YES;
				CODE_SIGN_ENTITLEMENTS = payAiro/payAiro.entitlements;
				CURRENT_PROJECT_VERSION = 2;
				DEVELOPMENT_TEAM = 8T3V6TMY34;
				INFOPLIST_FILE = payAiro/Info.plist;
				INFOPLIST_KEY_CFBundleDisplayName = PayAiro;
				IPHONEOS_DEPLOYMENT_TARGET = 15.1;
				LD_RUNPATH_SEARCH_PATHS = (
					"$(inherited)",
					"@executable_path/Frameworks",
				);
				MARKETING_VERSION = 6.68;
				OTHER_LDFLAGS = (
					"$(inherited)",
					"-ObjC",
					"-lc++",
				);
				PRODUCT_BUNDLE_IDENTIFIER = com.app.payairo;
				PRODUCT_NAME = payAiro;
				SUPPORTED_PLATFORMS = "iphoneos iphonesimulator";
				SUPPORTS_MACCATALYST = NO;
				SUPPORTS_MAC_DESIGNED_FOR_IPHONE_IPAD = NO;
				SWIFT_OBJC_BRIDGING_HEADER = "payAiro/payAiro-Bridging-Header.h";
				SWIFT_VERSION = 5.0;
				TARGETED_DEVICE_FAMILY = 1;
				VERSIONING_SYSTEM = "apple-generic";
			};
			name = Release;
		};
		7CA899252EF32DC900FC5BFD /* StagingRelease */ = {
			isa = XCBuildConfiguration;
			buildSettings = {
				ALWAYS_SEARCH_USER_PATHS = NO;
				CLANG_ANALYZER_LOCALIZABILITY_NONLOCALIZED = YES;
				CLANG_CXX_LANGUAGE_STANDARD = "c++20";
				CLANG_CXX_LIBRARY = "libc++";
				CLANG_ENABLE_MODULES = YES;
				CLANG_ENABLE_OBJC_ARC = YES;
				CLANG_WARN_BLOCK_CAPTURE_AUTORELEASING = YES;
				CLANG_WARN_BOOL_CONVERSION = YES;
				CLANG_WARN_COMMA = YES;
				CLANG_WARN_CONSTANT_CONVERSION = YES;
				CLANG_WARN_DEPRECATED_OBJC_IMPLEMENTATIONS = YES;
				CLANG_WARN_DIRECT_OBJC_ISA_USAGE = YES_ERROR;
				CLANG_WARN_EMPTY_BODY = YES;
				CLANG_WARN_ENUM_CONVERSION = YES;
				CLANG_WARN_INFINITE_RECURSION = YES;
				CLANG_WARN_INT_CONVERSION = YES;
				CLANG_WARN_NON_LITERAL_NULL_CONVERSION = YES;
				CLANG_WARN_OBJC_IMPLICIT_RETAIN_SELF = YES;
				CLANG_WARN_OBJC_LITERAL_CONVERSION = YES;
				CLANG_WARN_OBJC_ROOT_CLASS = YES_ERROR;
				CLANG_WARN_QUOTED_INCLUDE_IN_FRAMEWORK_HEADER = YES;
				CLANG_WARN_RANGE_LOOP_ANALYSIS = YES;
				CLANG_WARN_STRICT_PROTOTYPES = YES;
				CLANG_WARN_SUSPICIOUS_MOVE = YES;
				CLANG_WARN_UNREACHABLE_CODE = YES;
				CLANG_WARN__DUPLICATE_METHOD_MATCH = YES;
				"CODE_SIGN_IDENTITY[sdk=iphoneos*]" = "iPhone Developer";
				COPY_PHASE_STRIP = YES;
				ENABLE_NS_ASSERTIONS = NO;
				ENABLE_STRICT_OBJC_MSGSEND = YES;
				"EXCLUDED_ARCHS[sdk=iphonesimulator*]" = "";
				GCC_C_LANGUAGE_STANDARD = gnu99;
				GCC_NO_COMMON_BLOCKS = YES;
				GCC_WARN_64_TO_32_BIT_CONVERSION = YES;
				GCC_WARN_ABOUT_RETURN_TYPE = YES_ERROR;
				GCC_WARN_UNDECLARED_SELECTOR = YES;
				GCC_WARN_UNINITIALIZED_AUTOS = YES_AGGRESSIVE;
				GCC_WARN_UNUSED_FUNCTION = YES;
				GCC_WARN_UNUSED_VARIABLE = YES;
				HEADER_SEARCH_PATHS = (
					"$(inherited)",
					"${PODS_CONFIGURATION_BUILD_DIR}/ReactCommon/ReactCommon.framework/Headers",
					"${PODS_CONFIGURATION_BUILD_DIR}/ReactCommon/ReactCommon.framework/Headers/react/nativemodule/core",
					"${PODS_CONFIGURATION_BUILD_DIR}/ReactCommon-Samples/ReactCommon_Samples.framework/Headers",
					"${PODS_CONFIGURATION_BUILD_DIR}/ReactCommon-Samples/ReactCommon_Samples.framework/Headers/platform/ios",
					"${PODS_CONFIGURATION_BUILD_DIR}/React-Fabric/React_Fabric.framework/Headers/react/renderer/components/view/platform/cxx",
					"${PODS_CONFIGURATION_BUILD_DIR}/React-NativeModulesApple/React_NativeModulesApple.framework/Headers",
					"${PODS_CONFIGURATION_BUILD_DIR}/React-graphics/React_graphics.framework/Headers",
					"${PODS_CONFIGURATION_BUILD_DIR}/React-graphics/React_graphics.framework/Headers/react/renderer/graphics/platform/ios",
					"${PODS_CONFIGURATION_BUILD_DIR}/React-runtimeexecutor/React_runtimeexecutor.framework/Headers",
					"${PODS_CONFIGURATION_BUILD_DIR}/React-runtimeexecutor/React_runtimeexecutor.framework/Headers/platform/ios",
				);
				IPHONEOS_DEPLOYMENT_TARGET = 15.1;
				LD_RUNPATH_SEARCH_PATHS = (
					/usr/lib/swift,
					"$(inherited)",
				);
				LIBRARY_SEARCH_PATHS = (
					"\"$(SDKROOT)/usr/lib/swift\"",
					"\"$(TOOLCHAIN_DIR)/usr/lib/swift/$(PLATFORM_NAME)\"",
					"\"$(inherited)\"",
				);
				MTL_ENABLE_DEBUG_INFO = NO;
				OTHER_CPLUSPLUSFLAGS = (
					"$(OTHER_CFLAGS)",
					"-DFOLLY_NO_CONFIG",
					"-DFOLLY_MOBILE=1",
					"-DFOLLY_USE_LIBCPP=1",
					"-DFOLLY_CFG_NO_COROUTINES=1",
					"-DFOLLY_HAVE_CLOCK_GETTIME=1",
				);
				OTHER_LDFLAGS = (
					"$(inherited)",
					" ",
				);
				REACT_NATIVE_PATH = "${PODS_ROOT}/../../node_modules/react-native";
				SDKROOT = iphoneos;
				USE_HERMES = true;
				VALIDATE_PRODUCT = YES;
			};
			name = StagingRelease;
		};
		7CA899262EF32DC900FC5BFD /* StagingRelease */ = {
			isa = XCBuildConfiguration;
			baseConfigurationReference = F375A509A438F7B932C78785 /* Pods-payAiro.stagingrelease.xcconfig */;
			buildSettings = {
				ASSETCATALOG_COMPILER_APPICON_NAME = AppIcon;
				CLANG_ENABLE_MODULES = YES;
				CODE_SIGN_ENTITLEMENTS = payAiro/payAiro.entitlements;
				CURRENT_PROJECT_VERSION = 2;
				DEVELOPMENT_TEAM = 8T3V6TMY34;
				INFOPLIST_FILE = payAiro/Info.plist;
				INFOPLIST_KEY_CFBundleDisplayName = "PayAiro Staging";
				IPHONEOS_DEPLOYMENT_TARGET = 15.1;
				LD_RUNPATH_SEARCH_PATHS = (
					"$(inherited)",
					"@executable_path/Frameworks",
				);
				MARKETING_VERSION = 6.68;
				OTHER_LDFLAGS = (
					"$(inherited)",
					"-ObjC",
					"-lc++",
				);
				PRODUCT_BUNDLE_IDENTIFIER = com.app.payairo.staging;
				PRODUCT_NAME = payAiro;
				SUPPORTED_PLATFORMS = "iphoneos iphonesimulator";
				SUPPORTS_MACCATALYST = NO;
				SUPPORTS_MAC_DESIGNED_FOR_IPHONE_IPAD = NO;
				SWIFT_OBJC_BRIDGING_HEADER = "payAiro/payAiro-Bridging-Header.h";
				SWIFT_VERSION = 5.0;
				TARGETED_DEVICE_FAMILY = 1;
				VERSIONING_SYSTEM = "apple-generic";
			};
			name = StagingRelease;
		};
		7CA899272EF32DC900FC5BFD /* StagingRelease */ = {
			isa = XCBuildConfiguration;
			baseConfigurationReference = F1DFBF62BD76881D04F69102 /* Pods-payAiro-payAiroTests.stagingrelease.xcconfig */;
			buildSettings = {
				BUNDLE_LOADER = "$(TEST_HOST)";
				COPY_PHASE_STRIP = NO;
				INFOPLIST_FILE = payAiroTests/Info.plist;
				IPHONEOS_DEPLOYMENT_TARGET = 15.1;
				LD_RUNPATH_SEARCH_PATHS = (
					"$(inherited)",
					"@executable_path/Frameworks",
					"@loader_path/Frameworks",
				);
				OTHER_LDFLAGS = (
					"-ObjC",
					"-lc++",
					"$(inherited)",
				);
				PRODUCT_BUNDLE_IDENTIFIER = "org.reactjs.native.example.$(PRODUCT_NAME:rfc1034identifier)";
				PRODUCT_NAME = "$(TARGET_NAME)";
				TEST_HOST = "$(BUILT_PRODUCTS_DIR)/payAiro.app/payAiro";
			};
			name = StagingRelease;
		};
		83CBBA201A601CBA00E9B192 /* Debug */ = {
			isa = XCBuildConfiguration;
			buildSettings = {
				ALWAYS_SEARCH_USER_PATHS = NO;
				CLANG_ANALYZER_LOCALIZABILITY_NONLOCALIZED = YES;
				CLANG_CXX_LANGUAGE_STANDARD = "c++20";
				CLANG_CXX_LIBRARY = "libc++";
				CLANG_ENABLE_MODULES = YES;
				CLANG_ENABLE_OBJC_ARC = YES;
				CLANG_WARN_BLOCK_CAPTURE_AUTORELEASING = YES;
				CLANG_WARN_BOOL_CONVERSION = YES;
				CLANG_WARN_COMMA = YES;
				CLANG_WARN_CONSTANT_CONVERSION = YES;
				CLANG_WARN_DEPRECATED_OBJC_IMPLEMENTATIONS = YES;
				CLANG_WARN_DIRECT_OBJC_ISA_USAGE = YES_ERROR;
				CLANG_WARN_EMPTY_BODY = YES;
				CLANG_WARN_ENUM_CONVERSION = YES;
				CLANG_WARN_INFINITE_RECURSION = YES;
				CLANG_WARN_INT_CONVERSION = YES;
				CLANG_WARN_NON_LITERAL_NULL_CONVERSION = YES;
				CLANG_WARN_OBJC_IMPLICIT_RETAIN_SELF = YES;
				CLANG_WARN_OBJC_LITERAL_CONVERSION = YES;
				CLANG_WARN_OBJC_ROOT_CLASS = YES_ERROR;
				CLANG_WARN_QUOTED_INCLUDE_IN_FRAMEWORK_HEADER = YES;
				CLANG_WARN_RANGE_LOOP_ANALYSIS = YES;
				CLANG_WARN_STRICT_PROTOTYPES = YES;
				CLANG_WARN_SUSPICIOUS_MOVE = YES;
				CLANG_WARN_UNREACHABLE_CODE = YES;
				CLANG_WARN__DUPLICATE_METHOD_MATCH = YES;
				"CODE_SIGN_IDENTITY[sdk=iphoneos*]" = "iPhone Developer";
				COPY_PHASE_STRIP = NO;
				ENABLE_STRICT_OBJC_MSGSEND = YES;
				ENABLE_TESTABILITY = YES;
				"EXCLUDED_ARCHS[sdk=iphonesimulator*]" = "";
				GCC_C_LANGUAGE_STANDARD = gnu99;
				GCC_DYNAMIC_NO_PIC = NO;
				GCC_NO_COMMON_BLOCKS = YES;
				GCC_OPTIMIZATION_LEVEL = 0;
				GCC_PREPROCESSOR_DEFINITIONS = (
					"DEBUG=1",
					"$(inherited)",
				);
				GCC_SYMBOLS_PRIVATE_EXTERN = NO;
				GCC_WARN_64_TO_32_BIT_CONVERSION = YES;
				GCC_WARN_ABOUT_RETURN_TYPE = YES_ERROR;
				GCC_WARN_UNDECLARED_SELECTOR = YES;
				GCC_WARN_UNINITIALIZED_AUTOS = YES_AGGRESSIVE;
				GCC_WARN_UNUSED_FUNCTION = YES;
				GCC_WARN_UNUSED_VARIABLE = YES;
				HEADER_SEARCH_PATHS = (
					"$(inherited)",
					"${PODS_CONFIGURATION_BUILD_DIR}/ReactCommon/ReactCommon.framework/Headers",
					"${PODS_CONFIGURATION_BUILD_DIR}/ReactCommon/ReactCommon.framework/Headers/react/nativemodule/core",
					"${PODS_CONFIGURATION_BUILD_DIR}/ReactCommon-Samples/ReactCommon_Samples.framework/Headers",
					"${PODS_CONFIGURATION_BUILD_DIR}/ReactCommon-Samples/ReactCommon_Samples.framework/Headers/platform/ios",
					"${PODS_CONFIGURATION_BUILD_DIR}/React-Fabric/React_Fabric.framework/Headers/react/renderer/components/view/platform/cxx",
					"${PODS_CONFIGURATION_BUILD_DIR}/React-NativeModulesApple/React_NativeModulesApple.framework/Headers",
					"${PODS_CONFIGURATION_BUILD_DIR}/React-graphics/React_graphics.framework/Headers",
					"${PODS_CONFIGURATION_BUILD_DIR}/React-graphics/React_graphics.framework/Headers/react/renderer/graphics/platform/ios",
					"${PODS_CONFIGURATION_BUILD_DIR}/React-runtimeexecutor/React_runtimeexecutor.framework/Headers",
					"${PODS_CONFIGURATION_BUILD_DIR}/React-runtimeexecutor/React_runtimeexecutor.framework/Headers/platform/ios",
				);
				IPHONEOS_DEPLOYMENT_TARGET = 15.1;
				LD_RUNPATH_SEARCH_PATHS = (
					/usr/lib/swift,
					"$(inherited)",
				);
				LIBRARY_SEARCH_PATHS = (
					"\"$(SDKROOT)/usr/lib/swift\"",
					"\"$(TOOLCHAIN_DIR)/usr/lib/swift/$(PLATFORM_NAME)\"",
					"\"$(inherited)\"",
				);
				MTL_ENABLE_DEBUG_INFO = YES;
				ONLY_ACTIVE_ARCH = YES;
				OTHER_CPLUSPLUSFLAGS = (
					"$(OTHER_CFLAGS)",
					"-DFOLLY_NO_CONFIG",
					"-DFOLLY_MOBILE=1",
					"-DFOLLY_USE_LIBCPP=1",
					"-DFOLLY_CFG_NO_COROUTINES=1",
					"-DFOLLY_HAVE_CLOCK_GETTIME=1",
				);
				OTHER_LDFLAGS = (
					"$(inherited)",
					" ",
				);
				REACT_NATIVE_PATH = "${PODS_ROOT}/../../node_modules/react-native";
				SDKROOT = iphoneos;
				SWIFT_ACTIVE_COMPILATION_CONDITIONS = "$(inherited) DEBUG";
				USE_HERMES = true;
			};
			name = Debug;
		};
		83CBBA211A601CBA00E9B192 /* Release */ = {
			isa = XCBuildConfiguration;
			buildSettings = {
				ALWAYS_SEARCH_USER_PATHS = NO;
				CLANG_ANALYZER_LOCALIZABILITY_NONLOCALIZED = YES;
				CLANG_CXX_LANGUAGE_STANDARD = "c++20";
				CLANG_CXX_LIBRARY = "libc++";
				CLANG_ENABLE_MODULES = YES;
				CLANG_ENABLE_OBJC_ARC = YES;
				CLANG_WARN_BLOCK_CAPTURE_AUTORELEASING = YES;
				CLANG_WARN_BOOL_CONVERSION = YES;
				CLANG_WARN_COMMA = YES;
				CLANG_WARN_CONSTANT_CONVERSION = YES;
				CLANG_WARN_DEPRECATED_OBJC_IMPLEMENTATIONS = YES;
				CLANG_WARN_DIRECT_OBJC_ISA_USAGE = YES_ERROR;
				CLANG_WARN_EMPTY_BODY = YES;
				CLANG_WARN_ENUM_CONVERSION = YES;
				CLANG_WARN_INFINITE_RECURSION = YES;
				CLANG_WARN_INT_CONVERSION = YES;
				CLANG_WARN_NON_LITERAL_NULL_CONVERSION = YES;
				CLANG_WARN_OBJC_IMPLICIT_RETAIN_SELF = YES;
				CLANG_WARN_OBJC_LITERAL_CONVERSION = YES;
				CLANG_WARN_OBJC_ROOT_CLASS = YES_ERROR;
				CLANG_WARN_QUOTED_INCLUDE_IN_FRAMEWORK_HEADER = YES;
				CLANG_WARN_RANGE_LOOP_ANALYSIS = YES;
				CLANG_WARN_STRICT_PROTOTYPES = YES;
				CLANG_WARN_SUSPICIOUS_MOVE = YES;
				CLANG_WARN_UNREACHABLE_CODE = YES;
				CLANG_WARN__DUPLICATE_METHOD_MATCH = YES;
				"CODE_SIGN_IDENTITY[sdk=iphoneos*]" = "iPhone Developer";
				COPY_PHASE_STRIP = YES;
				ENABLE_NS_ASSERTIONS = NO;
				ENABLE_STRICT_OBJC_MSGSEND = YES;
				"EXCLUDED_ARCHS[sdk=iphonesimulator*]" = "";
				GCC_C_LANGUAGE_STANDARD = gnu99;
				GCC_NO_COMMON_BLOCKS = YES;
				GCC_WARN_64_TO_32_BIT_CONVERSION = YES;
				GCC_WARN_ABOUT_RETURN_TYPE = YES_ERROR;
				GCC_WARN_UNDECLARED_SELECTOR = YES;
				GCC_WARN_UNINITIALIZED_AUTOS = YES_AGGRESSIVE;
				GCC_WARN_UNUSED_FUNCTION = YES;
				GCC_WARN_UNUSED_VARIABLE = YES;
				HEADER_SEARCH_PATHS = (
					"$(inherited)",
					"${PODS_CONFIGURATION_BUILD_DIR}/ReactCommon/ReactCommon.framework/Headers",
					"${PODS_CONFIGURATION_BUILD_DIR}/ReactCommon/ReactCommon.framework/Headers/react/nativemodule/core",
					"${PODS_CONFIGURATION_BUILD_DIR}/ReactCommon-Samples/ReactCommon_Samples.framework/Headers",
					"${PODS_CONFIGURATION_BUILD_DIR}/ReactCommon-Samples/ReactCommon_Samples.framework/Headers/platform/ios",
					"${PODS_CONFIGURATION_BUILD_DIR}/React-Fabric/React_Fabric.framework/Headers/react/renderer/components/view/platform/cxx",
					"${PODS_CONFIGURATION_BUILD_DIR}/React-NativeModulesApple/React_NativeModulesApple.framework/Headers",
					"${PODS_CONFIGURATION_BUILD_DIR}/React-graphics/React_graphics.framework/Headers",
					"${PODS_CONFIGURATION_BUILD_DIR}/React-graphics/React_graphics.framework/Headers/react/renderer/graphics/platform/ios",
					"${PODS_CONFIGURATION_BUILD_DIR}/React-runtimeexecutor/React_runtimeexecutor.framework/Headers",
					"${PODS_CONFIGURATION_BUILD_DIR}/React-runtimeexecutor/React_runtimeexecutor.framework/Headers/platform/ios",
				);
				IPHONEOS_DEPLOYMENT_TARGET = 15.1;
				LD_RUNPATH_SEARCH_PATHS = (
					/usr/lib/swift,
					"$(inherited)",
				);
				LIBRARY_SEARCH_PATHS = (
					"\"$(SDKROOT)/usr/lib/swift\"",
					"\"$(TOOLCHAIN_DIR)/usr/lib/swift/$(PLATFORM_NAME)\"",
					"\"$(inherited)\"",
				);
				MTL_ENABLE_DEBUG_INFO = NO;
				OTHER_CPLUSPLUSFLAGS = (
					"$(OTHER_CFLAGS)",
					"-DFOLLY_NO_CONFIG",
					"-DFOLLY_MOBILE=1",
					"-DFOLLY_USE_LIBCPP=1",
					"-DFOLLY_CFG_NO_COROUTINES=1",
					"-DFOLLY_HAVE_CLOCK_GETTIME=1",
				);
				OTHER_LDFLAGS = (
					"$(inherited)",
					" ",
				);
				REACT_NATIVE_PATH = "${PODS_ROOT}/../../node_modules/react-native";
				SDKROOT = iphoneos;
				USE_HERMES = true;
				VALIDATE_PRODUCT = YES;
			};
			name = Release;
		};
/* End XCBuildConfiguration section */

/* Begin XCConfigurationList section */
		00E357021AD99517003FC87E /* Build configuration list for PBXNativeTarget "payAiroTests" */ = {
			isa = XCConfigurationList;
			buildConfigurations = (
				00E356F61AD99517003FC87E /* Debug */,
				00E356F71AD99517003FC87E /* Release */,
				7CA899272EF32DC900FC5BFD /* StagingRelease */,
			);
			defaultConfigurationIsVisible = 0;
			defaultConfigurationName = Release;
		};
		13B07F931A680F5B00A75B9A /* Build configuration list for PBXNativeTarget "payAiro" */ = {
			isa = XCConfigurationList;
			buildConfigurations = (
				13B07F941A680F5B00A75B9A /* Debug */,
				13B07F951A680F5B00A75B9A /* Release */,
				7CA899262EF32DC900FC5BFD /* StagingRelease */,
			);
			defaultConfigurationIsVisible = 0;
			defaultConfigurationName = Release;
		};
		83CBB9FA1A601CBA00E9B192 /* Build configuration list for PBXProject "payAiro" */ = {
			isa = XCConfigurationList;
			buildConfigurations = (
				83CBBA201A601CBA00E9B192 /* Debug */,
				83CBBA211A601CBA00E9B192 /* Release */,
				7CA899252EF32DC900FC5BFD /* StagingRelease */,
			);
			defaultConfigurationIsVisible = 0;
			defaultConfigurationName = Release;
		};
/* End XCConfigurationList section */
	};
	rootObject = 83CBB9F71A601CBA00E9B192 /* Project object */;
}
